// !$*UTF8*$!
{
	archiveVersion = 1;
	classes = {
	};
	objectVersion = 46;
	objects = {

/* Begin PBXBuildFile section */
		03A65E641C6BB0F60062603F /* SQLite.framework in Frameworks */ = {isa = PBXBuildFile; fileRef = 03A65E5A1C6BB0F50062603F /* SQLite.framework */; };
		03A65E721C6BB2D30062603F /* SQLite.h in Headers */ = {isa = PBXBuildFile; fileRef = EE247AD61C3F04ED00AE3E12 /* SQLite.h */; settings = {ATTRIBUTES = (Public, ); }; };
		03A65E731C6BB2D80062603F /* Foundation.swift in Sources */ = {isa = PBXBuildFile; fileRef = EE247AF71C3F06E900AE3E12 /* Foundation.swift */; };
		03A65E741C6BB2DA0062603F /* Helpers.swift in Sources */ = {isa = PBXBuildFile; fileRef = EE247AF81C3F06E900AE3E12 /* Helpers.swift */; };
		03A65E871C6BB3030062603F /* AggregateFunctionsTests.swift in Sources */ = {isa = PBXBuildFile; fileRef = EE247B1A1C3F137700AE3E12 /* AggregateFunctionsTests.swift */; };
		03A65E881C6BB3030062603F /* BlobTests.swift in Sources */ = {isa = PBXBuildFile; fileRef = EE247B1B1C3F137700AE3E12 /* BlobTests.swift */; };
		03A65E891C6BB3030062603F /* ConnectionTests.swift in Sources */ = {isa = PBXBuildFile; fileRef = EE247B1D1C3F137700AE3E12 /* ConnectionTests.swift */; };
		03A65E8A1C6BB3030062603F /* CoreFunctionsTests.swift in Sources */ = {isa = PBXBuildFile; fileRef = EE247B1E1C3F137700AE3E12 /* CoreFunctionsTests.swift */; };
		03A65E8B1C6BB3030062603F /* CustomFunctionsTests.swift in Sources */ = {isa = PBXBuildFile; fileRef = EE247B1F1C3F137700AE3E12 /* CustomFunctionsTests.swift */; };
		03A65E8C1C6BB3030062603F /* ExpressionTests.swift in Sources */ = {isa = PBXBuildFile; fileRef = EE247B201C3F137700AE3E12 /* ExpressionTests.swift */; };
		03A65E8D1C6BB3030062603F /* FTS4Tests.swift in Sources */ = {isa = PBXBuildFile; fileRef = EE247B211C3F137700AE3E12 /* FTS4Tests.swift */; };
		03A65E8E1C6BB3030062603F /* OperatorsTests.swift in Sources */ = {isa = PBXBuildFile; fileRef = EE247B2A1C3F141E00AE3E12 /* OperatorsTests.swift */; };
		03A65E8F1C6BB3030062603F /* QueryTests.swift in Sources */ = {isa = PBXBuildFile; fileRef = EE247B2B1C3F141E00AE3E12 /* QueryTests.swift */; };
		03A65E901C6BB3030062603F /* RTreeTests.swift in Sources */ = {isa = PBXBuildFile; fileRef = EE247B2C1C3F141E00AE3E12 /* RTreeTests.swift */; };
		03A65E911C6BB3030062603F /* SchemaTests.swift in Sources */ = {isa = PBXBuildFile; fileRef = EE247B2D1C3F141E00AE3E12 /* SchemaTests.swift */; };
		03A65E921C6BB3030062603F /* SetterTests.swift in Sources */ = {isa = PBXBuildFile; fileRef = EE247B181C3F134A00AE3E12 /* SetterTests.swift */; };
		03A65E931C6BB3030062603F /* StatementTests.swift in Sources */ = {isa = PBXBuildFile; fileRef = EE247B321C3F142E00AE3E12 /* StatementTests.swift */; };
		03A65E941C6BB3030062603F /* ValueTests.swift in Sources */ = {isa = PBXBuildFile; fileRef = EE247B331C3F142E00AE3E12 /* ValueTests.swift */; };
		03A65E951C6BB3030062603F /* TestHelpers.swift in Sources */ = {isa = PBXBuildFile; fileRef = EE247B161C3F127200AE3E12 /* TestHelpers.swift */; };
		03A65E971C6BB3210062603F /* libsqlite3.tbd in Frameworks */ = {isa = PBXBuildFile; fileRef = 03A65E961C6BB3210062603F /* libsqlite3.tbd */; };
		19A1709C3E7A406E62293B2A /* Fixtures.swift in Sources */ = {isa = PBXBuildFile; fileRef = 19A17B93B48B5560E6E51791 /* Fixtures.swift */; };
		19A171967CC511C4F6F773C9 /* RowTests.swift in Sources */ = {isa = PBXBuildFile; fileRef = 19A175C1F9CB3BBAB8FCEC7B /* RowTests.swift */; };
		19A171E6FA242F72A308C594 /* FTS5Tests.swift in Sources */ = {isa = PBXBuildFile; fileRef = 19A1721B8984686B9963B45D /* FTS5Tests.swift */; };
		19A1720B67ED13E6150C6A3D /* RowTests.swift in Sources */ = {isa = PBXBuildFile; fileRef = 19A175C1F9CB3BBAB8FCEC7B /* RowTests.swift */; };
		19A17254FBA7894891F7297B /* FTS5Tests.swift in Sources */ = {isa = PBXBuildFile; fileRef = 19A1721B8984686B9963B45D /* FTS5Tests.swift */; };
		19A172EB202970561E5C4245 /* DateAndTimeFunctionTests.swift in Sources */ = {isa = PBXBuildFile; fileRef = 19A1729B75C33F9A0B9A89C1 /* DateAndTimeFunctionTests.swift */; };
		19A17408007B182F884E3A53 /* Fixtures.swift in Sources */ = {isa = PBXBuildFile; fileRef = 19A17B93B48B5560E6E51791 /* Fixtures.swift */; };
		19A174D78559CD30679BCCCB /* FTS5Tests.swift in Sources */ = {isa = PBXBuildFile; fileRef = 19A1721B8984686B9963B45D /* FTS5Tests.swift */; };
		19A175DFF47B84757E547C62 /* fixtures in Resources */ = {isa = PBXBuildFile; fileRef = 19A17E2695737FAB5D6086E3 /* fixtures */; };
		19A1769C1F3A7542BECF50FF /* DateAndTimeFunctionTests.swift in Sources */ = {isa = PBXBuildFile; fileRef = 19A1729B75C33F9A0B9A89C1 /* DateAndTimeFunctionTests.swift */; };
		19A177CC33F2E6A24AF90B02 /* CipherTests.swift in Sources */ = {isa = PBXBuildFile; fileRef = 19A17399EA9E61235D5D77BF /* CipherTests.swift */; };
		19A178072B371489E6A1E839 /* FoundationTests.swift in Sources */ = {isa = PBXBuildFile; fileRef = 19A1794CC4D7827E997E32A7 /* FoundationTests.swift */; };
		19A1785195182AF8731A8BDA /* RowTests.swift in Sources */ = {isa = PBXBuildFile; fileRef = 19A175C1F9CB3BBAB8FCEC7B /* RowTests.swift */; };
		19A179A0C45377CB09BB358C /* CipherTests.swift in Sources */ = {isa = PBXBuildFile; fileRef = 19A17399EA9E61235D5D77BF /* CipherTests.swift */; };
		19A17C4B951CB054EE48AB1C /* CipherTests.swift in Sources */ = {isa = PBXBuildFile; fileRef = 19A17399EA9E61235D5D77BF /* CipherTests.swift */; };
		19A17C80076860CF7751A056 /* DateAndTimeFunctionTests.swift in Sources */ = {isa = PBXBuildFile; fileRef = 19A1729B75C33F9A0B9A89C1 /* DateAndTimeFunctionTests.swift */; };
		19A17E04C4C0956715C5676A /* FoundationTests.swift in Sources */ = {isa = PBXBuildFile; fileRef = 19A1794CC4D7827E997E32A7 /* FoundationTests.swift */; };
		19A17F3E1F7ACA33BD43E138 /* fixtures in Resources */ = {isa = PBXBuildFile; fileRef = 19A17E2695737FAB5D6086E3 /* fixtures */; };
		19A17F60B685636D1F83C2DD /* Fixtures.swift in Sources */ = {isa = PBXBuildFile; fileRef = 19A17B93B48B5560E6E51791 /* Fixtures.swift */; };
		19A17FB80B94E882050AA908 /* FoundationTests.swift in Sources */ = {isa = PBXBuildFile; fileRef = 19A1794CC4D7827E997E32A7 /* FoundationTests.swift */; };
		19A17FDA323BAFDEC627E76F /* fixtures in Resources */ = {isa = PBXBuildFile; fileRef = 19A17E2695737FAB5D6086E3 /* fixtures */; };
		3D67B3E61DB2469200A4F4C6 /* libsqlite3.tbd in Frameworks */ = {isa = PBXBuildFile; fileRef = 3D67B3E51DB2469200A4F4C6 /* libsqlite3.tbd */; };
		3D67B3F71DB246D700A4F4C6 /* Foundation.swift in Sources */ = {isa = PBXBuildFile; fileRef = EE247AF71C3F06E900AE3E12 /* Foundation.swift */; };
		3D67B3F81DB246D700A4F4C6 /* Helpers.swift in Sources */ = {isa = PBXBuildFile; fileRef = EE247AF81C3F06E900AE3E12 /* Helpers.swift */; };
		3D67B3FC1DB2471B00A4F4C6 /* SQLite.h in Headers */ = {isa = PBXBuildFile; fileRef = EE247AD61C3F04ED00AE3E12 /* SQLite.h */; settings = {ATTRIBUTES = (Public, ); }; };
		7F411AA0264973B700A92FF6 /* SQLite3Library.h in CopyFiles */ = {isa = PBXBuildFile; fileRef = 7F411A9D264973B700A92FF6 /* SQLite3Library.h */; };
		7F411AAC264973C600A92FF6 /* sqlite3.c in Sources */ = {isa = PBXBuildFile; fileRef = 7F411A28264971FF00A92FF6 /* sqlite3.c */; settings = {COMPILER_FLAGS = "-w"; }; };
		7F411AD62649750800A92FF6 /* libSQLite3Library.a in Frameworks */ = {isa = PBXBuildFile; fileRef = 7F411A9B264973B700A92FF6 /* libSQLite3Library.a */; };
		7F411B07264976A500A92FF6 /* sqlite3.h in CopyFiles */ = {isa = PBXBuildFile; fileRef = 7F411A26264971FF00A92FF6 /* sqlite3.h */; };
		7F411B08264976A500A92FF6 /* sqlite3ext.h in CopyFiles */ = {isa = PBXBuildFile; fileRef = 7F411A27264971FF00A92FF6 /* sqlite3ext.h */; };
		7F411BA52649851B00A92FF6 /* Cipher.swift in Sources */ = {isa = PBXBuildFile; fileRef = 7F411B8E2649851A00A92FF6 /* Cipher.swift */; };
		7F411BA62649851B00A92FF6 /* Cipher.swift in Sources */ = {isa = PBXBuildFile; fileRef = 7F411B8E2649851A00A92FF6 /* Cipher.swift */; };
		7F411BA72649851B00A92FF6 /* Cipher.swift in Sources */ = {isa = PBXBuildFile; fileRef = 7F411B8E2649851A00A92FF6 /* Cipher.swift */; };
		7F411BA82649851B00A92FF6 /* Cipher.swift in Sources */ = {isa = PBXBuildFile; fileRef = 7F411B8E2649851A00A92FF6 /* Cipher.swift */; };
		7F411BA92649851B00A92FF6 /* CoreFunctions.swift in Sources */ = {isa = PBXBuildFile; fileRef = 7F411B8F2649851A00A92FF6 /* CoreFunctions.swift */; };
		7F411BAA2649851B00A92FF6 /* CoreFunctions.swift in Sources */ = {isa = PBXBuildFile; fileRef = 7F411B8F2649851A00A92FF6 /* CoreFunctions.swift */; };
		7F411BAB2649851B00A92FF6 /* CoreFunctions.swift in Sources */ = {isa = PBXBuildFile; fileRef = 7F411B8F2649851A00A92FF6 /* CoreFunctions.swift */; };
		7F411BAC2649851B00A92FF6 /* CoreFunctions.swift in Sources */ = {isa = PBXBuildFile; fileRef = 7F411B8F2649851A00A92FF6 /* CoreFunctions.swift */; };
		7F411BAD2649851B00A92FF6 /* DateAndTimeFunctions.swift in Sources */ = {isa = PBXBuildFile; fileRef = 7F411B902649851A00A92FF6 /* DateAndTimeFunctions.swift */; };
		7F411BAE2649851B00A92FF6 /* DateAndTimeFunctions.swift in Sources */ = {isa = PBXBuildFile; fileRef = 7F411B902649851A00A92FF6 /* DateAndTimeFunctions.swift */; };
		7F411BAF2649851B00A92FF6 /* DateAndTimeFunctions.swift in Sources */ = {isa = PBXBuildFile; fileRef = 7F411B902649851A00A92FF6 /* DateAndTimeFunctions.swift */; };
		7F411BB02649851B00A92FF6 /* DateAndTimeFunctions.swift in Sources */ = {isa = PBXBuildFile; fileRef = 7F411B902649851A00A92FF6 /* DateAndTimeFunctions.swift */; };
		7F411BB12649851B00A92FF6 /* CustomFunctions.swift in Sources */ = {isa = PBXBuildFile; fileRef = 7F411B912649851A00A92FF6 /* CustomFunctions.swift */; };
		7F411BB22649851B00A92FF6 /* CustomFunctions.swift in Sources */ = {isa = PBXBuildFile; fileRef = 7F411B912649851A00A92FF6 /* CustomFunctions.swift */; };
		7F411BB32649851B00A92FF6 /* CustomFunctions.swift in Sources */ = {isa = PBXBuildFile; fileRef = 7F411B912649851A00A92FF6 /* CustomFunctions.swift */; };
		7F411BB42649851B00A92FF6 /* CustomFunctions.swift in Sources */ = {isa = PBXBuildFile; fileRef = 7F411B912649851A00A92FF6 /* CustomFunctions.swift */; };
		7F411BB52649851B00A92FF6 /* Blob.swift in Sources */ = {isa = PBXBuildFile; fileRef = 7F411B922649851A00A92FF6 /* Blob.swift */; };
		7F411BB62649851B00A92FF6 /* Blob.swift in Sources */ = {isa = PBXBuildFile; fileRef = 7F411B922649851A00A92FF6 /* Blob.swift */; };
		7F411BB72649851B00A92FF6 /* Blob.swift in Sources */ = {isa = PBXBuildFile; fileRef = 7F411B922649851A00A92FF6 /* Blob.swift */; };
		7F411BB82649851B00A92FF6 /* Blob.swift in Sources */ = {isa = PBXBuildFile; fileRef = 7F411B922649851A00A92FF6 /* Blob.swift */; };
		7F411BB92649851B00A92FF6 /* AggregateFunctions.swift in Sources */ = {isa = PBXBuildFile; fileRef = 7F411B932649851A00A92FF6 /* AggregateFunctions.swift */; };
		7F411BBA2649851B00A92FF6 /* AggregateFunctions.swift in Sources */ = {isa = PBXBuildFile; fileRef = 7F411B932649851A00A92FF6 /* AggregateFunctions.swift */; };
		7F411BBB2649851B00A92FF6 /* AggregateFunctions.swift in Sources */ = {isa = PBXBuildFile; fileRef = 7F411B932649851A00A92FF6 /* AggregateFunctions.swift */; };
		7F411BBC2649851B00A92FF6 /* AggregateFunctions.swift in Sources */ = {isa = PBXBuildFile; fileRef = 7F411B932649851A00A92FF6 /* AggregateFunctions.swift */; };
		7F411BBD2649851B00A92FF6 /* Schema.swift in Sources */ = {isa = PBXBuildFile; fileRef = 7F411B942649851A00A92FF6 /* Schema.swift */; };
		7F411BBE2649851B00A92FF6 /* Schema.swift in Sources */ = {isa = PBXBuildFile; fileRef = 7F411B942649851A00A92FF6 /* Schema.swift */; };
		7F411BBF2649851B00A92FF6 /* Schema.swift in Sources */ = {isa = PBXBuildFile; fileRef = 7F411B942649851A00A92FF6 /* Schema.swift */; };
		7F411BC02649851B00A92FF6 /* Schema.swift in Sources */ = {isa = PBXBuildFile; fileRef = 7F411B942649851A00A92FF6 /* Schema.swift */; };
		7F411BC12649851B00A92FF6 /* Expression.swift in Sources */ = {isa = PBXBuildFile; fileRef = 7F411B952649851A00A92FF6 /* Expression.swift */; };
		7F411BC22649851B00A92FF6 /* Expression.swift in Sources */ = {isa = PBXBuildFile; fileRef = 7F411B952649851A00A92FF6 /* Expression.swift */; };
		7F411BC32649851B00A92FF6 /* Expression.swift in Sources */ = {isa = PBXBuildFile; fileRef = 7F411B952649851A00A92FF6 /* Expression.swift */; };
		7F411BC42649851B00A92FF6 /* Expression.swift in Sources */ = {isa = PBXBuildFile; fileRef = 7F411B952649851A00A92FF6 /* Expression.swift */; };
		7F411BC52649851B00A92FF6 /* Setter.swift in Sources */ = {isa = PBXBuildFile; fileRef = 7F411B962649851A00A92FF6 /* Setter.swift */; };
		7F411BC62649851B00A92FF6 /* Setter.swift in Sources */ = {isa = PBXBuildFile; fileRef = 7F411B962649851A00A92FF6 /* Setter.swift */; };
		7F411BC72649851B00A92FF6 /* Setter.swift in Sources */ = {isa = PBXBuildFile; fileRef = 7F411B962649851A00A92FF6 /* Setter.swift */; };
		7F411BC82649851B00A92FF6 /* Setter.swift in Sources */ = {isa = PBXBuildFile; fileRef = 7F411B962649851A00A92FF6 /* Setter.swift */; };
		7F411BC92649851B00A92FF6 /* Connection.swift in Sources */ = {isa = PBXBuildFile; fileRef = 7F411B972649851A00A92FF6 /* Connection.swift */; };
		7F411BCA2649851B00A92FF6 /* Connection.swift in Sources */ = {isa = PBXBuildFile; fileRef = 7F411B972649851A00A92FF6 /* Connection.swift */; };
		7F411BCB2649851B00A92FF6 /* Connection.swift in Sources */ = {isa = PBXBuildFile; fileRef = 7F411B972649851A00A92FF6 /* Connection.swift */; };
		7F411BCC2649851B00A92FF6 /* Connection.swift in Sources */ = {isa = PBXBuildFile; fileRef = 7F411B972649851A00A92FF6 /* Connection.swift */; };
		7F411BCD2649851B00A92FF6 /* Coding.swift in Sources */ = {isa = PBXBuildFile; fileRef = 7F411B982649851A00A92FF6 /* Coding.swift */; };
		7F411BCE2649851B00A92FF6 /* Coding.swift in Sources */ = {isa = PBXBuildFile; fileRef = 7F411B982649851A00A92FF6 /* Coding.swift */; };
		7F411BCF2649851B00A92FF6 /* Coding.swift in Sources */ = {isa = PBXBuildFile; fileRef = 7F411B982649851A00A92FF6 /* Coding.swift */; };
		7F411BD02649851B00A92FF6 /* Coding.swift in Sources */ = {isa = PBXBuildFile; fileRef = 7F411B982649851A00A92FF6 /* Coding.swift */; };
		7F411BD12649851B00A92FF6 /* RTree.swift in Sources */ = {isa = PBXBuildFile; fileRef = 7F411B992649851A00A92FF6 /* RTree.swift */; };
		7F411BD22649851B00A92FF6 /* RTree.swift in Sources */ = {isa = PBXBuildFile; fileRef = 7F411B992649851A00A92FF6 /* RTree.swift */; };
		7F411BD32649851B00A92FF6 /* RTree.swift in Sources */ = {isa = PBXBuildFile; fileRef = 7F411B992649851A00A92FF6 /* RTree.swift */; };
		7F411BD42649851B00A92FF6 /* RTree.swift in Sources */ = {isa = PBXBuildFile; fileRef = 7F411B992649851A00A92FF6 /* RTree.swift */; };
		7F411BD52649851B00A92FF6 /* SQLiteObjc.h in Headers */ = {isa = PBXBuildFile; fileRef = 7F411B9A2649851A00A92FF6 /* SQLiteObjc.h */; settings = {ATTRIBUTES = (Public, ); }; };
		7F411BD62649851B00A92FF6 /* SQLiteObjc.h in Headers */ = {isa = PBXBuildFile; fileRef = 7F411B9A2649851A00A92FF6 /* SQLiteObjc.h */; };
		7F411BD72649851B00A92FF6 /* SQLiteObjc.h in Headers */ = {isa = PBXBuildFile; fileRef = 7F411B9A2649851A00A92FF6 /* SQLiteObjc.h */; };
		7F411BD82649851B00A92FF6 /* SQLiteObjc.h in Headers */ = {isa = PBXBuildFile; fileRef = 7F411B9A2649851A00A92FF6 /* SQLiteObjc.h */; };
		7F411BD92649851B00A92FF6 /* SQLiteObjc.m in Sources */ = {isa = PBXBuildFile; fileRef = 7F411B9B2649851A00A92FF6 /* SQLiteObjc.m */; };
		7F411BDA2649851B00A92FF6 /* SQLiteObjc.m in Sources */ = {isa = PBXBuildFile; fileRef = 7F411B9B2649851A00A92FF6 /* SQLiteObjc.m */; };
		7F411BDB2649851B00A92FF6 /* SQLiteObjc.m in Sources */ = {isa = PBXBuildFile; fileRef = 7F411B9B2649851A00A92FF6 /* SQLiteObjc.m */; };
		7F411BDC2649851B00A92FF6 /* SQLiteObjc.m in Sources */ = {isa = PBXBuildFile; fileRef = 7F411B9B2649851A00A92FF6 /* SQLiteObjc.m */; };
		7F411BDD2649851B00A92FF6 /* Query.swift in Sources */ = {isa = PBXBuildFile; fileRef = 7F411B9C2649851A00A92FF6 /* Query.swift */; };
		7F411BDE2649851B00A92FF6 /* Query.swift in Sources */ = {isa = PBXBuildFile; fileRef = 7F411B9C2649851A00A92FF6 /* Query.swift */; };
		7F411BDF2649851B00A92FF6 /* Query.swift in Sources */ = {isa = PBXBuildFile; fileRef = 7F411B9C2649851A00A92FF6 /* Query.swift */; };
		7F411BE02649851B00A92FF6 /* Query.swift in Sources */ = {isa = PBXBuildFile; fileRef = 7F411B9C2649851A00A92FF6 /* Query.swift */; };
		7F411BE12649851B00A92FF6 /* FTS5.swift in Sources */ = {isa = PBXBuildFile; fileRef = 7F411B9D2649851A00A92FF6 /* FTS5.swift */; };
		7F411BE22649851B00A92FF6 /* FTS5.swift in Sources */ = {isa = PBXBuildFile; fileRef = 7F411B9D2649851A00A92FF6 /* FTS5.swift */; };
		7F411BE32649851B00A92FF6 /* FTS5.swift in Sources */ = {isa = PBXBuildFile; fileRef = 7F411B9D2649851A00A92FF6 /* FTS5.swift */; };
		7F411BE42649851B00A92FF6 /* FTS5.swift in Sources */ = {isa = PBXBuildFile; fileRef = 7F411B9D2649851A00A92FF6 /* FTS5.swift */; };
		7F411BE52649851B00A92FF6 /* Operators.swift in Sources */ = {isa = PBXBuildFile; fileRef = 7F411B9E2649851A00A92FF6 /* Operators.swift */; };
		7F411BE62649851B00A92FF6 /* Operators.swift in Sources */ = {isa = PBXBuildFile; fileRef = 7F411B9E2649851A00A92FF6 /* Operators.swift */; };
		7F411BE72649851B00A92FF6 /* Operators.swift in Sources */ = {isa = PBXBuildFile; fileRef = 7F411B9E2649851A00A92FF6 /* Operators.swift */; };
		7F411BE82649851B00A92FF6 /* Operators.swift in Sources */ = {isa = PBXBuildFile; fileRef = 7F411B9E2649851A00A92FF6 /* Operators.swift */; };
		7F411BE92649851B00A92FF6 /* Errors.swift in Sources */ = {isa = PBXBuildFile; fileRef = 7F411B9F2649851B00A92FF6 /* Errors.swift */; };
		7F411BEA2649851B00A92FF6 /* Errors.swift in Sources */ = {isa = PBXBuildFile; fileRef = 7F411B9F2649851B00A92FF6 /* Errors.swift */; };
		7F411BEB2649851B00A92FF6 /* Errors.swift in Sources */ = {isa = PBXBuildFile; fileRef = 7F411B9F2649851B00A92FF6 /* Errors.swift */; };
		7F411BEC2649851B00A92FF6 /* Errors.swift in Sources */ = {isa = PBXBuildFile; fileRef = 7F411B9F2649851B00A92FF6 /* Errors.swift */; };
		7F411BED2649851B00A92FF6 /* FTS4.swift in Sources */ = {isa = PBXBuildFile; fileRef = 7F411BA02649851B00A92FF6 /* FTS4.swift */; };
		7F411BEE2649851B00A92FF6 /* FTS4.swift in Sources */ = {isa = PBXBuildFile; fileRef = 7F411BA02649851B00A92FF6 /* FTS4.swift */; };
		7F411BEF2649851B00A92FF6 /* FTS4.swift in Sources */ = {isa = PBXBuildFile; fileRef = 7F411BA02649851B00A92FF6 /* FTS4.swift */; };
		7F411BF02649851B00A92FF6 /* FTS4.swift in Sources */ = {isa = PBXBuildFile; fileRef = 7F411BA02649851B00A92FF6 /* FTS4.swift */; };
		7F411BF12649851B00A92FF6 /* Value.swift in Sources */ = {isa = PBXBuildFile; fileRef = 7F411BA12649851B00A92FF6 /* Value.swift */; };
		7F411BF22649851B00A92FF6 /* Value.swift in Sources */ = {isa = PBXBuildFile; fileRef = 7F411BA12649851B00A92FF6 /* Value.swift */; };
		7F411BF32649851B00A92FF6 /* Value.swift in Sources */ = {isa = PBXBuildFile; fileRef = 7F411BA12649851B00A92FF6 /* Value.swift */; };
		7F411BF42649851B00A92FF6 /* Value.swift in Sources */ = {isa = PBXBuildFile; fileRef = 7F411BA12649851B00A92FF6 /* Value.swift */; };
		7F411BF62649851B00A92FF6 /* fts3_tokenizer.h in Headers */ = {isa = PBXBuildFile; fileRef = 7F411BA22649851B00A92FF6 /* fts3_tokenizer.h */; };
		7F411BF72649851B00A92FF6 /* fts3_tokenizer.h in Headers */ = {isa = PBXBuildFile; fileRef = 7F411BA22649851B00A92FF6 /* fts3_tokenizer.h */; };
		7F411BF82649851B00A92FF6 /* fts3_tokenizer.h in Headers */ = {isa = PBXBuildFile; fileRef = 7F411BA22649851B00A92FF6 /* fts3_tokenizer.h */; };
		7F411BF92649851B00A92FF6 /* Collation.swift in Sources */ = {isa = PBXBuildFile; fileRef = 7F411BA32649851B00A92FF6 /* Collation.swift */; };
		7F411BFA2649851B00A92FF6 /* Collation.swift in Sources */ = {isa = PBXBuildFile; fileRef = 7F411BA32649851B00A92FF6 /* Collation.swift */; };
		7F411BFB2649851B00A92FF6 /* Collation.swift in Sources */ = {isa = PBXBuildFile; fileRef = 7F411BA32649851B00A92FF6 /* Collation.swift */; };
		7F411BFC2649851B00A92FF6 /* Collation.swift in Sources */ = {isa = PBXBuildFile; fileRef = 7F411BA32649851B00A92FF6 /* Collation.swift */; };
		7F411BFD2649851B00A92FF6 /* Statement.swift in Sources */ = {isa = PBXBuildFile; fileRef = 7F411BA42649851B00A92FF6 /* Statement.swift */; };
		7F411BFE2649851B00A92FF6 /* Statement.swift in Sources */ = {isa = PBXBuildFile; fileRef = 7F411BA42649851B00A92FF6 /* Statement.swift */; };
		7F411BFF2649851B00A92FF6 /* Statement.swift in Sources */ = {isa = PBXBuildFile; fileRef = 7F411BA42649851B00A92FF6 /* Statement.swift */; };
		7F411C002649851B00A92FF6 /* Statement.swift in Sources */ = {isa = PBXBuildFile; fileRef = 7F411BA42649851B00A92FF6 /* Statement.swift */; };
		7F411C512649875100A92FF6 /* fts3_tokenizer.h in CopyFiles */ = {isa = PBXBuildFile; fileRef = 7F411BA22649851B00A92FF6 /* fts3_tokenizer.h */; };
		EE247AD71C3F04ED00AE3E12 /* SQLite.h in Headers */ = {isa = PBXBuildFile; fileRef = EE247AD61C3F04ED00AE3E12 /* SQLite.h */; settings = {ATTRIBUTES = (Public, ); }; };
		EE247ADE1C3F04ED00AE3E12 /* SQLite.framework in Frameworks */ = {isa = PBXBuildFile; fileRef = EE247AD31C3F04ED00AE3E12 /* SQLite.framework */; };
		EE247B0B1C3F06E900AE3E12 /* Foundation.swift in Sources */ = {isa = PBXBuildFile; fileRef = EE247AF71C3F06E900AE3E12 /* Foundation.swift */; };
		EE247B0C1C3F06E900AE3E12 /* Helpers.swift in Sources */ = {isa = PBXBuildFile; fileRef = EE247AF81C3F06E900AE3E12 /* Helpers.swift */; };
		EE247B171C3F127200AE3E12 /* TestHelpers.swift in Sources */ = {isa = PBXBuildFile; fileRef = EE247B161C3F127200AE3E12 /* TestHelpers.swift */; };
		EE247B191C3F134A00AE3E12 /* SetterTests.swift in Sources */ = {isa = PBXBuildFile; fileRef = EE247B181C3F134A00AE3E12 /* SetterTests.swift */; };
		EE247B221C3F137700AE3E12 /* AggregateFunctionsTests.swift in Sources */ = {isa = PBXBuildFile; fileRef = EE247B1A1C3F137700AE3E12 /* AggregateFunctionsTests.swift */; };
		EE247B231C3F137700AE3E12 /* BlobTests.swift in Sources */ = {isa = PBXBuildFile; fileRef = EE247B1B1C3F137700AE3E12 /* BlobTests.swift */; };
		EE247B251C3F137700AE3E12 /* ConnectionTests.swift in Sources */ = {isa = PBXBuildFile; fileRef = EE247B1D1C3F137700AE3E12 /* ConnectionTests.swift */; };
		EE247B261C3F137700AE3E12 /* CoreFunctionsTests.swift in Sources */ = {isa = PBXBuildFile; fileRef = EE247B1E1C3F137700AE3E12 /* CoreFunctionsTests.swift */; };
		EE247B271C3F137700AE3E12 /* CustomFunctionsTests.swift in Sources */ = {isa = PBXBuildFile; fileRef = EE247B1F1C3F137700AE3E12 /* CustomFunctionsTests.swift */; };
		EE247B281C3F137700AE3E12 /* ExpressionTests.swift in Sources */ = {isa = PBXBuildFile; fileRef = EE247B201C3F137700AE3E12 /* ExpressionTests.swift */; };
		EE247B291C3F137700AE3E12 /* FTS4Tests.swift in Sources */ = {isa = PBXBuildFile; fileRef = EE247B211C3F137700AE3E12 /* FTS4Tests.swift */; };
		EE247B2E1C3F141E00AE3E12 /* OperatorsTests.swift in Sources */ = {isa = PBXBuildFile; fileRef = EE247B2A1C3F141E00AE3E12 /* OperatorsTests.swift */; };
		EE247B2F1C3F141E00AE3E12 /* QueryTests.swift in Sources */ = {isa = PBXBuildFile; fileRef = EE247B2B1C3F141E00AE3E12 /* QueryTests.swift */; };
		EE247B301C3F141E00AE3E12 /* RTreeTests.swift in Sources */ = {isa = PBXBuildFile; fileRef = EE247B2C1C3F141E00AE3E12 /* RTreeTests.swift */; };
		EE247B311C3F141E00AE3E12 /* SchemaTests.swift in Sources */ = {isa = PBXBuildFile; fileRef = EE247B2D1C3F141E00AE3E12 /* SchemaTests.swift */; };
		EE247B341C3F142E00AE3E12 /* StatementTests.swift in Sources */ = {isa = PBXBuildFile; fileRef = EE247B321C3F142E00AE3E12 /* StatementTests.swift */; };
		EE247B351C3F142E00AE3E12 /* ValueTests.swift in Sources */ = {isa = PBXBuildFile; fileRef = EE247B331C3F142E00AE3E12 /* ValueTests.swift */; };
		EE247B461C3F3ED000AE3E12 /* SQLite.framework in Frameworks */ = {isa = PBXBuildFile; fileRef = EE247B3C1C3F3ED000AE3E12 /* SQLite.framework */; };
		EE247B531C3F3FC700AE3E12 /* AggregateFunctionsTests.swift in Sources */ = {isa = PBXBuildFile; fileRef = EE247B1A1C3F137700AE3E12 /* AggregateFunctionsTests.swift */; };
		EE247B541C3F3FC700AE3E12 /* BlobTests.swift in Sources */ = {isa = PBXBuildFile; fileRef = EE247B1B1C3F137700AE3E12 /* BlobTests.swift */; };
		EE247B551C3F3FC700AE3E12 /* ConnectionTests.swift in Sources */ = {isa = PBXBuildFile; fileRef = EE247B1D1C3F137700AE3E12 /* ConnectionTests.swift */; };
		EE247B561C3F3FC700AE3E12 /* CoreFunctionsTests.swift in Sources */ = {isa = PBXBuildFile; fileRef = EE247B1E1C3F137700AE3E12 /* CoreFunctionsTests.swift */; };
		EE247B571C3F3FC700AE3E12 /* CustomFunctionsTests.swift in Sources */ = {isa = PBXBuildFile; fileRef = EE247B1F1C3F137700AE3E12 /* CustomFunctionsTests.swift */; };
		EE247B581C3F3FC700AE3E12 /* ExpressionTests.swift in Sources */ = {isa = PBXBuildFile; fileRef = EE247B201C3F137700AE3E12 /* ExpressionTests.swift */; };
		EE247B591C3F3FC700AE3E12 /* FTS4Tests.swift in Sources */ = {isa = PBXBuildFile; fileRef = EE247B211C3F137700AE3E12 /* FTS4Tests.swift */; };
		EE247B5A1C3F3FC700AE3E12 /* OperatorsTests.swift in Sources */ = {isa = PBXBuildFile; fileRef = EE247B2A1C3F141E00AE3E12 /* OperatorsTests.swift */; };
		EE247B5B1C3F3FC700AE3E12 /* QueryTests.swift in Sources */ = {isa = PBXBuildFile; fileRef = EE247B2B1C3F141E00AE3E12 /* QueryTests.swift */; };
		EE247B5C1C3F3FC700AE3E12 /* RTreeTests.swift in Sources */ = {isa = PBXBuildFile; fileRef = EE247B2C1C3F141E00AE3E12 /* RTreeTests.swift */; };
		EE247B5D1C3F3FC700AE3E12 /* SchemaTests.swift in Sources */ = {isa = PBXBuildFile; fileRef = EE247B2D1C3F141E00AE3E12 /* SchemaTests.swift */; };
		EE247B5E1C3F3FC700AE3E12 /* SetterTests.swift in Sources */ = {isa = PBXBuildFile; fileRef = EE247B181C3F134A00AE3E12 /* SetterTests.swift */; };
		EE247B5F1C3F3FC700AE3E12 /* StatementTests.swift in Sources */ = {isa = PBXBuildFile; fileRef = EE247B321C3F142E00AE3E12 /* StatementTests.swift */; };
		EE247B601C3F3FC700AE3E12 /* ValueTests.swift in Sources */ = {isa = PBXBuildFile; fileRef = EE247B331C3F142E00AE3E12 /* ValueTests.swift */; };
		EE247B611C3F3FC700AE3E12 /* TestHelpers.swift in Sources */ = {isa = PBXBuildFile; fileRef = EE247B161C3F127200AE3E12 /* TestHelpers.swift */; };
		EE247B621C3F3FDB00AE3E12 /* SQLite.h in Headers */ = {isa = PBXBuildFile; fileRef = EE247AD61C3F04ED00AE3E12 /* SQLite.h */; settings = {ATTRIBUTES = (Public, ); }; };
		EE247B631C3F3FDB00AE3E12 /* Foundation.swift in Sources */ = {isa = PBXBuildFile; fileRef = EE247AF71C3F06E900AE3E12 /* Foundation.swift */; };
		EE247B641C3F3FDB00AE3E12 /* Helpers.swift in Sources */ = {isa = PBXBuildFile; fileRef = EE247AF81C3F06E900AE3E12 /* Helpers.swift */; };
/* End PBXBuildFile section */

/* Begin PBXContainerItemProxy section */
		03A65E651C6BB0F60062603F /* PBXContainerItemProxy */ = {
			isa = PBXContainerItemProxy;
			containerPortal = EE247ACA1C3F04ED00AE3E12 /* Project object */;
			proxyType = 1;
			remoteGlobalIDString = 03A65E591C6BB0F50062603F;
			remoteInfo = "SQLite tvOS";
		};
		7F411AD72649750800A92FF6 /* PBXContainerItemProxy */ = {
			isa = PBXContainerItemProxy;
			containerPortal = EE247ACA1C3F04ED00AE3E12 /* Project object */;
			proxyType = 1;
			remoteGlobalIDString = 7F411A9A264973B700A92FF6;
			remoteInfo = SQLite3Library;
		};
		EE247ADF1C3F04ED00AE3E12 /* PBXContainerItemProxy */ = {
			isa = PBXContainerItemProxy;
			containerPortal = EE247ACA1C3F04ED00AE3E12 /* Project object */;
			proxyType = 1;
			remoteGlobalIDString = EE247AD21C3F04ED00AE3E12;
			remoteInfo = SQLite;
		};
		EE247B471C3F3ED000AE3E12 /* PBXContainerItemProxy */ = {
			isa = PBXContainerItemProxy;
			containerPortal = EE247ACA1C3F04ED00AE3E12 /* Project object */;
			proxyType = 1;
			remoteGlobalIDString = EE247B3B1C3F3ED000AE3E12;
			remoteInfo = SQLite;
		};
/* End PBXContainerItemProxy section */

/* Begin PBXCopyFilesBuildPhase section */
		7F411A99264973B700A92FF6 /* CopyFiles */ = {
			isa = PBXCopyFilesBuildPhase;
			buildActionMask = 2147483647;
			dstPath = "include/$(PRODUCT_NAME)";
			dstSubfolderSpec = 16;
			files = (
				7F411C512649875100A92FF6 /* fts3_tokenizer.h in CopyFiles */,
				7F411B07264976A500A92FF6 /* sqlite3.h in CopyFiles */,
				7F411B08264976A500A92FF6 /* sqlite3ext.h in CopyFiles */,
				7F411AA0264973B700A92FF6 /* SQLite3Library.h in CopyFiles */,
			);
			runOnlyForDeploymentPostprocessing = 0;
		};
/* End PBXCopyFilesBuildPhase section */

/* Begin PBXFileReference section */
		03A65E5A1C6BB0F50062603F /* SQLite.framework */ = {isa = PBXFileReference; explicitFileType = wrapper.framework; includeInIndex = 0; path = SQLite.framework; sourceTree = BUILT_PRODUCTS_DIR; };
		03A65E631C6BB0F60062603F /* SQLiteTests tvOS.xctest */ = {isa = PBXFileReference; explicitFileType = wrapper.cfbundle; includeInIndex = 0; path = "SQLiteTests tvOS.xctest"; sourceTree = BUILT_PRODUCTS_DIR; };
		03A65E961C6BB3210062603F /* libsqlite3.tbd */ = {isa = PBXFileReference; lastKnownFileType = "sourcecode.text-based-dylib-definition"; name = libsqlite3.tbd; path = Platforms/AppleTVOS.platform/Developer/SDKs/AppleTVOS.sdk/usr/lib/libsqlite3.tbd; sourceTree = DEVELOPER_DIR; };
		19A1721B8984686B9963B45D /* FTS5Tests.swift */ = {isa = PBXFileReference; fileEncoding = 4; lastKnownFileType = sourcecode.swift; path = FTS5Tests.swift; sourceTree = "<group>"; };
		19A1729B75C33F9A0B9A89C1 /* DateAndTimeFunctionTests.swift */ = {isa = PBXFileReference; fileEncoding = 4; lastKnownFileType = sourcecode.swift; path = DateAndTimeFunctionTests.swift; sourceTree = "<group>"; };
		19A17399EA9E61235D5D77BF /* CipherTests.swift */ = {isa = PBXFileReference; fileEncoding = 4; lastKnownFileType = sourcecode.swift; path = CipherTests.swift; sourceTree = "<group>"; };
		19A175C1F9CB3BBAB8FCEC7B /* RowTests.swift */ = {isa = PBXFileReference; fileEncoding = 4; lastKnownFileType = sourcecode.swift; path = RowTests.swift; sourceTree = "<group>"; };
		19A1794CC4D7827E997E32A7 /* FoundationTests.swift */ = {isa = PBXFileReference; fileEncoding = 4; lastKnownFileType = sourcecode.swift; path = FoundationTests.swift; sourceTree = "<group>"; };
		19A17B93B48B5560E6E51791 /* Fixtures.swift */ = {isa = PBXFileReference; fileEncoding = 4; lastKnownFileType = sourcecode.swift; path = Fixtures.swift; sourceTree = "<group>"; };
		19A17E2695737FAB5D6086E3 /* fixtures */ = {isa = PBXFileReference; fileEncoding = 4; lastKnownFileType = folder; path = fixtures; sourceTree = "<group>"; };
		3D67B3E51DB2469200A4F4C6 /* libsqlite3.tbd */ = {isa = PBXFileReference; lastKnownFileType = "sourcecode.text-based-dylib-definition"; name = libsqlite3.tbd; path = Platforms/WatchOS.platform/Developer/SDKs/WatchOS3.0.sdk/usr/lib/libsqlite3.tbd; sourceTree = DEVELOPER_DIR; };
		7F411A26264971FF00A92FF6 /* sqlite3.h */ = {isa = PBXFileReference; fileEncoding = 4; lastKnownFileType = sourcecode.c.h; name = sqlite3.h; path = SQLite3Library/sqlite3.h; sourceTree = SOURCE_ROOT; };
		7F411A27264971FF00A92FF6 /* sqlite3ext.h */ = {isa = PBXFileReference; fileEncoding = 4; lastKnownFileType = sourcecode.c.h; name = sqlite3ext.h; path = SQLite3Library/sqlite3ext.h; sourceTree = SOURCE_ROOT; };
		7F411A28264971FF00A92FF6 /* sqlite3.c */ = {isa = PBXFileReference; fileEncoding = 4; lastKnownFileType = sourcecode.c.c; name = sqlite3.c; path = SQLite3Library/sqlite3.c; sourceTree = SOURCE_ROOT; };
		7F411A742649737500A92FF6 /* AuthenticationServices.framework */ = {isa = PBXFileReference; lastKnownFileType = wrapper.framework; name = AuthenticationServices.framework; path = System/Library/Frameworks/AuthenticationServices.framework; sourceTree = SDKROOT; };
		7F411A9B264973B700A92FF6 /* libSQLite3Library.a */ = {isa = PBXFileReference; explicitFileType = archive.ar; includeInIndex = 0; path = libSQLite3Library.a; sourceTree = BUILT_PRODUCTS_DIR; };
		7F411A9D264973B700A92FF6 /* SQLite3Library.h */ = {isa = PBXFileReference; lastKnownFileType = sourcecode.c.h; path = SQLite3Library.h; sourceTree = "<group>"; };
		7F411ABD2649748500A92FF6 /* module.modulemap */ = {isa = PBXFileReference; lastKnownFileType = "sourcecode.module-map"; path = module.modulemap; sourceTree = "<group>"; };
		7F411B8E2649851A00A92FF6 /* Cipher.swift */ = {isa = PBXFileReference; fileEncoding = 4; lastKnownFileType = sourcecode.swift; path = Cipher.swift; sourceTree = "<group>"; };
		7F411B8F2649851A00A92FF6 /* CoreFunctions.swift */ = {isa = PBXFileReference; fileEncoding = 4; lastKnownFileType = sourcecode.swift; path = CoreFunctions.swift; sourceTree = "<group>"; };
		7F411B902649851A00A92FF6 /* DateAndTimeFunctions.swift */ = {isa = PBXFileReference; fileEncoding = 4; lastKnownFileType = sourcecode.swift; path = DateAndTimeFunctions.swift; sourceTree = "<group>"; };
		7F411B912649851A00A92FF6 /* CustomFunctions.swift */ = {isa = PBXFileReference; fileEncoding = 4; lastKnownFileType = sourcecode.swift; path = CustomFunctions.swift; sourceTree = "<group>"; };
		7F411B922649851A00A92FF6 /* Blob.swift */ = {isa = PBXFileReference; fileEncoding = 4; lastKnownFileType = sourcecode.swift; path = Blob.swift; sourceTree = "<group>"; };
		7F411B932649851A00A92FF6 /* AggregateFunctions.swift */ = {isa = PBXFileReference; fileEncoding = 4; lastKnownFileType = sourcecode.swift; path = AggregateFunctions.swift; sourceTree = "<group>"; };
		7F411B942649851A00A92FF6 /* Schema.swift */ = {isa = PBXFileReference; fileEncoding = 4; lastKnownFileType = sourcecode.swift; path = Schema.swift; sourceTree = "<group>"; };
		7F411B952649851A00A92FF6 /* Expression.swift */ = {isa = PBXFileReference; fileEncoding = 4; lastKnownFileType = sourcecode.swift; path = Expression.swift; sourceTree = "<group>"; };
		7F411B962649851A00A92FF6 /* Setter.swift */ = {isa = PBXFileReference; fileEncoding = 4; lastKnownFileType = sourcecode.swift; path = Setter.swift; sourceTree = "<group>"; };
		7F411B972649851A00A92FF6 /* Connection.swift */ = {isa = PBXFileReference; fileEncoding = 4; lastKnownFileType = sourcecode.swift; path = Connection.swift; sourceTree = "<group>"; };
		7F411B982649851A00A92FF6 /* Coding.swift */ = {isa = PBXFileReference; fileEncoding = 4; lastKnownFileType = sourcecode.swift; path = Coding.swift; sourceTree = "<group>"; };
		7F411B992649851A00A92FF6 /* RTree.swift */ = {isa = PBXFileReference; fileEncoding = 4; lastKnownFileType = sourcecode.swift; path = RTree.swift; sourceTree = "<group>"; };
		7F411B9A2649851A00A92FF6 /* SQLiteObjc.h */ = {isa = PBXFileReference; fileEncoding = 4; lastKnownFileType = sourcecode.c.h; path = SQLiteObjc.h; sourceTree = "<group>"; };
		7F411B9B2649851A00A92FF6 /* SQLiteObjc.m */ = {isa = PBXFileReference; fileEncoding = 4; lastKnownFileType = sourcecode.c.objc; path = SQLiteObjc.m; sourceTree = "<group>"; };
		7F411B9C2649851A00A92FF6 /* Query.swift */ = {isa = PBXFileReference; fileEncoding = 4; lastKnownFileType = sourcecode.swift; path = Query.swift; sourceTree = "<group>"; };
		7F411B9D2649851A00A92FF6 /* FTS5.swift */ = {isa = PBXFileReference; fileEncoding = 4; lastKnownFileType = sourcecode.swift; path = FTS5.swift; sourceTree = "<group>"; };
		7F411B9E2649851A00A92FF6 /* Operators.swift */ = {isa = PBXFileReference; fileEncoding = 4; lastKnownFileType = sourcecode.swift; path = Operators.swift; sourceTree = "<group>"; };
		7F411B9F2649851B00A92FF6 /* Errors.swift */ = {isa = PBXFileReference; fileEncoding = 4; lastKnownFileType = sourcecode.swift; path = Errors.swift; sourceTree = "<group>"; };
		7F411BA02649851B00A92FF6 /* FTS4.swift */ = {isa = PBXFileReference; fileEncoding = 4; lastKnownFileType = sourcecode.swift; path = FTS4.swift; sourceTree = "<group>"; };
		7F411BA12649851B00A92FF6 /* Value.swift */ = {isa = PBXFileReference; fileEncoding = 4; lastKnownFileType = sourcecode.swift; path = Value.swift; sourceTree = "<group>"; };
		7F411BA22649851B00A92FF6 /* fts3_tokenizer.h */ = {isa = PBXFileReference; fileEncoding = 4; lastKnownFileType = sourcecode.c.h; path = fts3_tokenizer.h; sourceTree = "<group>"; };
		7F411BA32649851B00A92FF6 /* Collation.swift */ = {isa = PBXFileReference; fileEncoding = 4; lastKnownFileType = sourcecode.swift; path = Collation.swift; sourceTree = "<group>"; };
		7F411BA42649851B00A92FF6 /* Statement.swift */ = {isa = PBXFileReference; fileEncoding = 4; lastKnownFileType = sourcecode.swift; path = Statement.swift; sourceTree = "<group>"; };
		A121AC451CA35C79005A31D1 /* SQLite.framework */ = {isa = PBXFileReference; explicitFileType = wrapper.framework; includeInIndex = 0; path = SQLite.framework; sourceTree = BUILT_PRODUCTS_DIR; };
		EE247AD31C3F04ED00AE3E12 /* SQLite.framework */ = {isa = PBXFileReference; explicitFileType = wrapper.framework; includeInIndex = 0; path = SQLite.framework; sourceTree = BUILT_PRODUCTS_DIR; };
		EE247AD61C3F04ED00AE3E12 /* SQLite.h */ = {isa = PBXFileReference; lastKnownFileType = sourcecode.c.h; path = SQLite.h; sourceTree = "<group>"; };
		EE247AD81C3F04ED00AE3E12 /* Info.plist */ = {isa = PBXFileReference; lastKnownFileType = text.plist.xml; path = Info.plist; sourceTree = "<group>"; };
		EE247ADD1C3F04ED00AE3E12 /* SQLiteTests iOS.xctest */ = {isa = PBXFileReference; explicitFileType = wrapper.cfbundle; includeInIndex = 0; path = "SQLiteTests iOS.xctest"; sourceTree = BUILT_PRODUCTS_DIR; };
		EE247AE41C3F04ED00AE3E12 /* Info.plist */ = {isa = PBXFileReference; lastKnownFileType = text.plist.xml; path = Info.plist; sourceTree = "<group>"; };
		EE247AF71C3F06E900AE3E12 /* Foundation.swift */ = {isa = PBXFileReference; fileEncoding = 4; lastKnownFileType = sourcecode.swift; path = Foundation.swift; sourceTree = "<group>"; };
		EE247AF81C3F06E900AE3E12 /* Helpers.swift */ = {isa = PBXFileReference; fileEncoding = 4; lastKnownFileType = sourcecode.swift; path = Helpers.swift; sourceTree = "<group>"; };
		EE247B161C3F127200AE3E12 /* TestHelpers.swift */ = {isa = PBXFileReference; fileEncoding = 4; lastKnownFileType = sourcecode.swift; path = TestHelpers.swift; sourceTree = "<group>"; };
		EE247B181C3F134A00AE3E12 /* SetterTests.swift */ = {isa = PBXFileReference; fileEncoding = 4; lastKnownFileType = sourcecode.swift; path = SetterTests.swift; sourceTree = "<group>"; };
		EE247B1A1C3F137700AE3E12 /* AggregateFunctionsTests.swift */ = {isa = PBXFileReference; fileEncoding = 4; lastKnownFileType = sourcecode.swift; path = AggregateFunctionsTests.swift; sourceTree = "<group>"; };
		EE247B1B1C3F137700AE3E12 /* BlobTests.swift */ = {isa = PBXFileReference; fileEncoding = 4; lastKnownFileType = sourcecode.swift; path = BlobTests.swift; sourceTree = "<group>"; };
		EE247B1D1C3F137700AE3E12 /* ConnectionTests.swift */ = {isa = PBXFileReference; fileEncoding = 4; lastKnownFileType = sourcecode.swift; path = ConnectionTests.swift; sourceTree = "<group>"; };
		EE247B1E1C3F137700AE3E12 /* CoreFunctionsTests.swift */ = {isa = PBXFileReference; fileEncoding = 4; lastKnownFileType = sourcecode.swift; path = CoreFunctionsTests.swift; sourceTree = "<group>"; };
		EE247B1F1C3F137700AE3E12 /* CustomFunctionsTests.swift */ = {isa = PBXFileReference; fileEncoding = 4; lastKnownFileType = sourcecode.swift; path = CustomFunctionsTests.swift; sourceTree = "<group>"; };
		EE247B201C3F137700AE3E12 /* ExpressionTests.swift */ = {isa = PBXFileReference; fileEncoding = 4; lastKnownFileType = sourcecode.swift; path = ExpressionTests.swift; sourceTree = "<group>"; };
		EE247B211C3F137700AE3E12 /* FTS4Tests.swift */ = {isa = PBXFileReference; fileEncoding = 4; lastKnownFileType = sourcecode.swift; path = FTS4Tests.swift; sourceTree = "<group>"; };
		EE247B2A1C3F141E00AE3E12 /* OperatorsTests.swift */ = {isa = PBXFileReference; fileEncoding = 4; lastKnownFileType = sourcecode.swift; path = OperatorsTests.swift; sourceTree = "<group>"; };
		EE247B2B1C3F141E00AE3E12 /* QueryTests.swift */ = {isa = PBXFileReference; fileEncoding = 4; lastKnownFileType = sourcecode.swift; path = QueryTests.swift; sourceTree = "<group>"; };
		EE247B2C1C3F141E00AE3E12 /* RTreeTests.swift */ = {isa = PBXFileReference; fileEncoding = 4; lastKnownFileType = sourcecode.swift; path = RTreeTests.swift; sourceTree = "<group>"; };
		EE247B2D1C3F141E00AE3E12 /* SchemaTests.swift */ = {isa = PBXFileReference; fileEncoding = 4; lastKnownFileType = sourcecode.swift; path = SchemaTests.swift; sourceTree = "<group>"; };
		EE247B321C3F142E00AE3E12 /* StatementTests.swift */ = {isa = PBXFileReference; fileEncoding = 4; lastKnownFileType = sourcecode.swift; path = StatementTests.swift; sourceTree = "<group>"; };
		EE247B331C3F142E00AE3E12 /* ValueTests.swift */ = {isa = PBXFileReference; fileEncoding = 4; lastKnownFileType = sourcecode.swift; path = ValueTests.swift; sourceTree = "<group>"; };
		EE247B3C1C3F3ED000AE3E12 /* SQLite.framework */ = {isa = PBXFileReference; explicitFileType = wrapper.framework; includeInIndex = 0; path = SQLite.framework; sourceTree = BUILT_PRODUCTS_DIR; };
		EE247B451C3F3ED000AE3E12 /* SQLiteTests Mac.xctest */ = {isa = PBXFileReference; explicitFileType = wrapper.cfbundle; includeInIndex = 0; path = "SQLiteTests Mac.xctest"; sourceTree = BUILT_PRODUCTS_DIR; };
		EE247B771C3F40D700AE3E12 /* README.md */ = {isa = PBXFileReference; lastKnownFileType = net.daringfireball.markdown; path = README.md; sourceTree = "<group>"; };
		EE247B8B1C3F820300AE3E12 /* CONTRIBUTING.md */ = {isa = PBXFileReference; lastKnownFileType = net.daringfireball.markdown; path = CONTRIBUTING.md; sourceTree = "<group>"; };
		EE247B8C1C3F821200AE3E12 /* .travis.yml */ = {isa = PBXFileReference; lastKnownFileType = text; path = .travis.yml; sourceTree = "<group>"; };
		EE247B8F1C3F822500AE3E12 /* Index.md */ = {isa = PBXFileReference; lastKnownFileType = net.daringfireball.markdown; path = Index.md; sourceTree = "<group>"; };
		EE247B911C3F822500AE3E12 /* installation@2x.png */ = {isa = PBXFileReference; lastKnownFileType = image.png; path = "installation@2x.png"; sourceTree = "<group>"; };
		EE247B921C3F822600AE3E12 /* playground@2x.png */ = {isa = PBXFileReference; lastKnownFileType = image.png; path = "playground@2x.png"; sourceTree = "<group>"; };
		EE9180931C46EA210038162A /* libsqlite3.tbd */ = {isa = PBXFileReference; lastKnownFileType = "sourcecode.text-based-dylib-definition"; name = libsqlite3.tbd; path = usr/lib/libsqlite3.tbd; sourceTree = SDKROOT; };
/* End PBXFileReference section */

/* Begin PBXFrameworksBuildPhase section */
		03A65E561C6BB0F50062603F /* Frameworks */ = {
			isa = PBXFrameworksBuildPhase;
			buildActionMask = 2147483647;
			files = (
				03A65E971C6BB3210062603F /* libsqlite3.tbd in Frameworks */,
			);
			runOnlyForDeploymentPostprocessing = 0;
		};
		03A65E601C6BB0F60062603F /* Frameworks */ = {
			isa = PBXFrameworksBuildPhase;
			buildActionMask = 2147483647;
			files = (
				03A65E641C6BB0F60062603F /* SQLite.framework in Frameworks */,
			);
			runOnlyForDeploymentPostprocessing = 0;
		};
		7F411A98264973B700A92FF6 /* Frameworks */ = {
			isa = PBXFrameworksBuildPhase;
			buildActionMask = 2147483647;
			files = (
			);
			runOnlyForDeploymentPostprocessing = 0;
		};
		A121AC411CA35C79005A31D1 /* Frameworks */ = {
			isa = PBXFrameworksBuildPhase;
			buildActionMask = 2147483647;
			files = (
				3D67B3E61DB2469200A4F4C6 /* libsqlite3.tbd in Frameworks */,
			);
			runOnlyForDeploymentPostprocessing = 0;
		};
		EE247ACF1C3F04ED00AE3E12 /* Frameworks */ = {
			isa = PBXFrameworksBuildPhase;
			buildActionMask = 2147483647;
			files = (
				7F411AD62649750800A92FF6 /* libSQLite3Library.a in Frameworks */,
			);
			runOnlyForDeploymentPostprocessing = 0;
		};
		EE247ADA1C3F04ED00AE3E12 /* Frameworks */ = {
			isa = PBXFrameworksBuildPhase;
			buildActionMask = 2147483647;
			files = (
				EE247ADE1C3F04ED00AE3E12 /* SQLite.framework in Frameworks */,
			);
			runOnlyForDeploymentPostprocessing = 0;
		};
		EE247B381C3F3ED000AE3E12 /* Frameworks */ = {
			isa = PBXFrameworksBuildPhase;
			buildActionMask = 2147483647;
			files = (
			);
			runOnlyForDeploymentPostprocessing = 0;
		};
		EE247B421C3F3ED000AE3E12 /* Frameworks */ = {
			isa = PBXFrameworksBuildPhase;
			buildActionMask = 2147483647;
			files = (
				EE247B461C3F3ED000AE3E12 /* SQLite.framework in Frameworks */,
			);
			runOnlyForDeploymentPostprocessing = 0;
		};
/* End PBXFrameworksBuildPhase section */

/* Begin PBXGroup section */
		3D67B3E41DB2469200A4F4C6 /* Frameworks */ = {
			isa = PBXGroup;
			children = (
				3D67B3E51DB2469200A4F4C6 /* libsqlite3.tbd */,
				7F411A742649737500A92FF6 /* AuthenticationServices.framework */,
			);
			name = Frameworks;
			sourceTree = "<group>";
		};
		7F411A9C264973B700A92FF6 /* SQLite3Library */ = {
			isa = PBXGroup;
			children = (
				7F411A28264971FF00A92FF6 /* sqlite3.c */,
				7F411A26264971FF00A92FF6 /* sqlite3.h */,
				7F411A27264971FF00A92FF6 /* sqlite3ext.h */,
				7F411BA22649851B00A92FF6 /* fts3_tokenizer.h */,
				7F411A9D264973B700A92FF6 /* SQLite3Library.h */,
				7F411ABD2649748500A92FF6 /* module.modulemap */,
			);
			path = SQLite3Library;
			sourceTree = "<group>";
		};
		EE247AC91C3F04ED00AE3E12 = {
			isa = PBXGroup;
			children = (
				EE247AD51C3F04ED00AE3E12 /* SQLite */,
				EE247AE11C3F04ED00AE3E12 /* SQLiteTests */,
				EE247B8A1C3F81D000AE3E12 /* Metadata */,
				7F411A9C264973B700A92FF6 /* SQLite3Library */,
				EE247AD41C3F04ED00AE3E12 /* Products */,
				3D67B3E41DB2469200A4F4C6 /* Frameworks */,
			);
			indentWidth = 4;
			sourceTree = "<group>";
			tabWidth = 4;
		};
		EE247AD41C3F04ED00AE3E12 /* Products */ = {
			isa = PBXGroup;
			children = (
				EE247AD31C3F04ED00AE3E12 /* SQLite.framework */,
				EE247ADD1C3F04ED00AE3E12 /* SQLiteTests iOS.xctest */,
				EE247B3C1C3F3ED000AE3E12 /* SQLite.framework */,
				EE247B451C3F3ED000AE3E12 /* SQLiteTests Mac.xctest */,
				03A65E5A1C6BB0F50062603F /* SQLite.framework */,
				03A65E631C6BB0F60062603F /* SQLiteTests tvOS.xctest */,
				A121AC451CA35C79005A31D1 /* SQLite.framework */,
				7F411A9B264973B700A92FF6 /* libSQLite3Library.a */,
			);
			name = Products;
			sourceTree = "<group>";
		};
		EE247AD51C3F04ED00AE3E12 /* SQLite */ = {
			isa = PBXGroup;
			children = (
				EE247AD61C3F04ED00AE3E12 /* SQLite.h */,
				7F411B932649851A00A92FF6 /* AggregateFunctions.swift */,
				7F411B922649851A00A92FF6 /* Blob.swift */,
				7F411B8E2649851A00A92FF6 /* Cipher.swift */,
				7F411B982649851A00A92FF6 /* Coding.swift */,
				7F411BA32649851B00A92FF6 /* Collation.swift */,
				7F411B972649851A00A92FF6 /* Connection.swift */,
				7F411B8F2649851A00A92FF6 /* CoreFunctions.swift */,
				7F411B912649851A00A92FF6 /* CustomFunctions.swift */,
				7F411B902649851A00A92FF6 /* DateAndTimeFunctions.swift */,
				7F411B9F2649851B00A92FF6 /* Errors.swift */,
				7F411B952649851A00A92FF6 /* Expression.swift */,
				7F411BA02649851B00A92FF6 /* FTS4.swift */,
				7F411B9D2649851A00A92FF6 /* FTS5.swift */,
				7F411B9E2649851A00A92FF6 /* Operators.swift */,
				7F411B9C2649851A00A92FF6 /* Query.swift */,
				7F411B992649851A00A92FF6 /* RTree.swift */,
				7F411B942649851A00A92FF6 /* Schema.swift */,
				7F411B962649851A00A92FF6 /* Setter.swift */,
				7F411B9A2649851A00A92FF6 /* SQLiteObjc.h */,
				7F411B9B2649851A00A92FF6 /* SQLiteObjc.m */,
				7F411BA42649851B00A92FF6 /* Statement.swift */,
				7F411BA12649851B00A92FF6 /* Value.swift */,
				EE247AF71C3F06E900AE3E12 /* Foundation.swift */,
				EE247AF81C3F06E900AE3E12 /* Helpers.swift */,
				EE247AD81C3F04ED00AE3E12 /* Info.plist */,
			);
			path = SQLite;
			sourceTree = "<group>";
		};
		EE247AE11C3F04ED00AE3E12 /* SQLiteTests */ = {
			isa = PBXGroup;
			children = (
				19A17E2695737FAB5D6086E3 /* fixtures */,
				EE247B1A1C3F137700AE3E12 /* AggregateFunctionsTests.swift */,
				EE247B1B1C3F137700AE3E12 /* BlobTests.swift */,
				EE247B1D1C3F137700AE3E12 /* ConnectionTests.swift */,
				EE247B1E1C3F137700AE3E12 /* CoreFunctionsTests.swift */,
				EE247B1F1C3F137700AE3E12 /* CustomFunctionsTests.swift */,
				EE247B201C3F137700AE3E12 /* ExpressionTests.swift */,
				EE247B211C3F137700AE3E12 /* FTS4Tests.swift */,
				EE247B2A1C3F141E00AE3E12 /* OperatorsTests.swift */,
				EE247B2B1C3F141E00AE3E12 /* QueryTests.swift */,
				EE247B2C1C3F141E00AE3E12 /* RTreeTests.swift */,
				EE247B2D1C3F141E00AE3E12 /* SchemaTests.swift */,
				EE247B181C3F134A00AE3E12 /* SetterTests.swift */,
				EE247B321C3F142E00AE3E12 /* StatementTests.swift */,
				EE247B331C3F142E00AE3E12 /* ValueTests.swift */,
				EE247B161C3F127200AE3E12 /* TestHelpers.swift */,
				EE247AE41C3F04ED00AE3E12 /* Info.plist */,
				19A1721B8984686B9963B45D /* FTS5Tests.swift */,
				19A1794CC4D7827E997E32A7 /* FoundationTests.swift */,
				19A17399EA9E61235D5D77BF /* CipherTests.swift */,
				19A17B93B48B5560E6E51791 /* Fixtures.swift */,
				19A175C1F9CB3BBAB8FCEC7B /* RowTests.swift */,
				19A1729B75C33F9A0B9A89C1 /* DateAndTimeFunctionTests.swift */,
			);
			name = SQLiteTests;
			path = Tests/SQLiteTests;
			sourceTree = "<group>";
		};
		EE247B8A1C3F81D000AE3E12 /* Metadata */ = {
			isa = PBXGroup;
			children = (
				EE247B771C3F40D700AE3E12 /* README.md */,
				EE247B8B1C3F820300AE3E12 /* CONTRIBUTING.md */,
				EE247B8C1C3F821200AE3E12 /* .travis.yml */,
				EE9180931C46EA210038162A /* libsqlite3.tbd */,
				03A65E961C6BB3210062603F /* libsqlite3.tbd */,
				EE247B8E1C3F822500AE3E12 /* Documentation */,
			);
			name = Metadata;
			sourceTree = "<group>";
		};
		EE247B8E1C3F822500AE3E12 /* Documentation */ = {
			isa = PBXGroup;
			children = (
				EE247B8F1C3F822500AE3E12 /* Index.md */,
				EE247B901C3F822500AE3E12 /* Resources */,
			);
			path = Documentation;
			sourceTree = "<group>";
		};
		EE247B901C3F822500AE3E12 /* Resources */ = {
			isa = PBXGroup;
			children = (
				EE247B911C3F822500AE3E12 /* installation@2x.png */,
				EE247B921C3F822600AE3E12 /* playground@2x.png */,
			);
			path = Resources;
			sourceTree = "<group>";
		};
/* End PBXGroup section */

/* Begin PBXHeadersBuildPhase section */
		03A65E571C6BB0F50062603F /* Headers */ = {
			isa = PBXHeadersBuildPhase;
			buildActionMask = 2147483647;
			files = (
				7F411BF72649851B00A92FF6 /* fts3_tokenizer.h in Headers */,
				7F411BD72649851B00A92FF6 /* SQLiteObjc.h in Headers */,
				03A65E721C6BB2D30062603F /* SQLite.h in Headers */,
			);
			runOnlyForDeploymentPostprocessing = 0;
		};
		A121AC421CA35C79005A31D1 /* Headers */ = {
			isa = PBXHeadersBuildPhase;
			buildActionMask = 2147483647;
			files = (
				7F411BF82649851B00A92FF6 /* fts3_tokenizer.h in Headers */,
				7F411BD82649851B00A92FF6 /* SQLiteObjc.h in Headers */,
				3D67B3FC1DB2471B00A4F4C6 /* SQLite.h in Headers */,
			);
			runOnlyForDeploymentPostprocessing = 0;
		};
		EE247AD01C3F04ED00AE3E12 /* Headers */ = {
			isa = PBXHeadersBuildPhase;
			buildActionMask = 2147483647;
			files = (
				7F411BD52649851B00A92FF6 /* SQLiteObjc.h in Headers */,
				EE247AD71C3F04ED00AE3E12 /* SQLite.h in Headers */,
			);
			runOnlyForDeploymentPostprocessing = 0;
		};
		EE247B391C3F3ED000AE3E12 /* Headers */ = {
			isa = PBXHeadersBuildPhase;
			buildActionMask = 2147483647;
			files = (
				7F411BF62649851B00A92FF6 /* fts3_tokenizer.h in Headers */,
				7F411BD62649851B00A92FF6 /* SQLiteObjc.h in Headers */,
				EE247B621C3F3FDB00AE3E12 /* SQLite.h in Headers */,
			);
			runOnlyForDeploymentPostprocessing = 0;
		};
/* End PBXHeadersBuildPhase section */

/* Begin PBXNativeTarget section */
		03A65E591C6BB0F50062603F /* SQLite tvOS */ = {
			isa = PBXNativeTarget;
			buildConfigurationList = 03A65E6F1C6BB0F60062603F /* Build configuration list for PBXNativeTarget "SQLite tvOS" */;
			buildPhases = (
				03A65E551C6BB0F50062603F /* Sources */,
				03A65E561C6BB0F50062603F /* Frameworks */,
				03A65E571C6BB0F50062603F /* Headers */,
				03A65E581C6BB0F50062603F /* Resources */,
			);
			buildRules = (
			);
			dependencies = (
			);
			name = "SQLite tvOS";
			productName = "SQLite tvOS";
			productReference = 03A65E5A1C6BB0F50062603F /* SQLite.framework */;
			productType = "com.apple.product-type.framework";
		};
		03A65E621C6BB0F60062603F /* SQLiteTests tvOS */ = {
			isa = PBXNativeTarget;
			buildConfigurationList = 03A65E701C6BB0F60062603F /* Build configuration list for PBXNativeTarget "SQLiteTests tvOS" */;
			buildPhases = (
				03A65E5F1C6BB0F60062603F /* Sources */,
				03A65E601C6BB0F60062603F /* Frameworks */,
				03A65E611C6BB0F60062603F /* Resources */,
			);
			buildRules = (
			);
			dependencies = (
				03A65E661C6BB0F60062603F /* PBXTargetDependency */,
			);
			name = "SQLiteTests tvOS";
			productName = "SQLite tvOSTests";
			productReference = 03A65E631C6BB0F60062603F /* SQLiteTests tvOS.xctest */;
			productType = "com.apple.product-type.bundle.unit-test";
		};
		7F411A9A264973B700A92FF6 /* SQLite3Library */ = {
			isa = PBXNativeTarget;
			buildConfigurationList = 7F411AA1264973B700A92FF6 /* Build configuration list for PBXNativeTarget "SQLite3Library" */;
			buildPhases = (
				7F411A97264973B700A92FF6 /* Sources */,
				7F411A98264973B700A92FF6 /* Frameworks */,
				7F411A99264973B700A92FF6 /* CopyFiles */,
			);
			buildRules = (
			);
			dependencies = (
			);
			name = SQLite3Library;
			productName = SQLite3Library;
			productReference = 7F411A9B264973B700A92FF6 /* libSQLite3Library.a */;
			productType = "com.apple.product-type.library.static";
		};
		A121AC441CA35C79005A31D1 /* SQLite watchOS */ = {
			isa = PBXNativeTarget;
			buildConfigurationList = A121AC4C1CA35C79005A31D1 /* Build configuration list for PBXNativeTarget "SQLite watchOS" */;
			buildPhases = (
				A121AC401CA35C79005A31D1 /* Sources */,
				A121AC411CA35C79005A31D1 /* Frameworks */,
				A121AC421CA35C79005A31D1 /* Headers */,
				A121AC431CA35C79005A31D1 /* Resources */,
			);
			buildRules = (
			);
			dependencies = (
			);
			name = "SQLite watchOS";
			productName = "SQLite watchOS";
			productReference = A121AC451CA35C79005A31D1 /* SQLite.framework */;
			productType = "com.apple.product-type.framework";
		};
		EE247AD21C3F04ED00AE3E12 /* SQLite iOS */ = {
			isa = PBXNativeTarget;
			buildConfigurationList = EE247AE71C3F04ED00AE3E12 /* Build configuration list for PBXNativeTarget "SQLite iOS" */;
			buildPhases = (
				EE247ACE1C3F04ED00AE3E12 /* Sources */,
				EE247ACF1C3F04ED00AE3E12 /* Frameworks */,
				EE247AD01C3F04ED00AE3E12 /* Headers */,
				EE247AD11C3F04ED00AE3E12 /* Resources */,
			);
			buildRules = (
			);
			dependencies = (
				7F411AD82649750800A92FF6 /* PBXTargetDependency */,
			);
			name = "SQLite iOS";
			productName = SQLite;
			productReference = EE247AD31C3F04ED00AE3E12 /* SQLite.framework */;
			productType = "com.apple.product-type.framework";
		};
		EE247ADC1C3F04ED00AE3E12 /* SQLiteTests iOS */ = {
			isa = PBXNativeTarget;
			buildConfigurationList = EE247AEA1C3F04ED00AE3E12 /* Build configuration list for PBXNativeTarget "SQLiteTests iOS" */;
			buildPhases = (
				EE247AD91C3F04ED00AE3E12 /* Sources */,
				EE247ADA1C3F04ED00AE3E12 /* Frameworks */,
				EE247ADB1C3F04ED00AE3E12 /* Resources */,
			);
			buildRules = (
			);
			dependencies = (
				EE247AE01C3F04ED00AE3E12 /* PBXTargetDependency */,
			);
			name = "SQLiteTests iOS";
			productName = SQLiteTests;
			productReference = EE247ADD1C3F04ED00AE3E12 /* SQLiteTests iOS.xctest */;
			productType = "com.apple.product-type.bundle.unit-test";
		};
		EE247B3B1C3F3ED000AE3E12 /* SQLite Mac */ = {
			isa = PBXNativeTarget;
			buildConfigurationList = EE247B511C3F3ED000AE3E12 /* Build configuration list for PBXNativeTarget "SQLite Mac" */;
			buildPhases = (
				EE247B371C3F3ED000AE3E12 /* Sources */,
				EE247B381C3F3ED000AE3E12 /* Frameworks */,
				EE247B391C3F3ED000AE3E12 /* Headers */,
				EE247B3A1C3F3ED000AE3E12 /* Resources */,
			);
			buildRules = (
			);
			dependencies = (
			);
			name = "SQLite Mac";
			productName = SQLite;
			productReference = EE247B3C1C3F3ED000AE3E12 /* SQLite.framework */;
			productType = "com.apple.product-type.framework";
		};
		EE247B441C3F3ED000AE3E12 /* SQLiteTests Mac */ = {
			isa = PBXNativeTarget;
			buildConfigurationList = EE247B521C3F3ED000AE3E12 /* Build configuration list for PBXNativeTarget "SQLiteTests Mac" */;
			buildPhases = (
				EE247B411C3F3ED000AE3E12 /* Sources */,
				EE247B421C3F3ED000AE3E12 /* Frameworks */,
				EE247B431C3F3ED000AE3E12 /* Resources */,
			);
			buildRules = (
			);
			dependencies = (
				EE247B481C3F3ED000AE3E12 /* PBXTargetDependency */,
			);
			name = "SQLiteTests Mac";
			productName = SQLiteTests;
			productReference = EE247B451C3F3ED000AE3E12 /* SQLiteTests Mac.xctest */;
			productType = "com.apple.product-type.bundle.unit-test";
		};
/* End PBXNativeTarget section */

/* Begin PBXProject section */
		EE247ACA1C3F04ED00AE3E12 /* Project object */ = {
			isa = PBXProject;
			attributes = {
				LastSwiftUpdateCheck = 0720;
				LastUpgradeCheck = 1240;
				TargetAttributes = {
					03A65E591C6BB0F50062603F = {
						CreatedOnToolsVersion = 7.2;
						LastSwiftMigration = 1240;
					};
					03A65E621C6BB0F60062603F = {
						CreatedOnToolsVersion = 7.2;
						LastSwiftMigration = 0900;
					};
					7F411A9A264973B700A92FF6 = {
						CreatedOnToolsVersion = 12.4;
						DevelopmentTeam = 442RNUGV2T;
						ProvisioningStyle = Automatic;
					};
					A121AC441CA35C79005A31D1 = {
						CreatedOnToolsVersion = 7.3;
						LastSwiftMigration = 1240;
					};
					EE247AD21C3F04ED00AE3E12 = {
						CreatedOnToolsVersion = 7.2;
						LastSwiftMigration = 1240;
					};
					EE247ADC1C3F04ED00AE3E12 = {
						CreatedOnToolsVersion = 7.2;
						LastSwiftMigration = 1020;
					};
					EE247B3B1C3F3ED000AE3E12 = {
						CreatedOnToolsVersion = 7.2;
						LastSwiftMigration = 1240;
					};
					EE247B441C3F3ED000AE3E12 = {
						CreatedOnToolsVersion = 7.2;
						LastSwiftMigration = 0900;
					};
				};
			};
			buildConfigurationList = EE247ACD1C3F04ED00AE3E12 /* Build configuration list for PBXProject "SQLite" */;
			compatibilityVersion = "Xcode 3.2";
			developmentRegion = en;
			hasScannedForEncodings = 0;
			knownRegions = (
				en,
				Base,
			);
			mainGroup = EE247AC91C3F04ED00AE3E12;
			productRefGroup = EE247AD41C3F04ED00AE3E12 /* Products */;
			projectDirPath = "";
			projectRoot = "";
			targets = (
				EE247AD21C3F04ED00AE3E12 /* SQLite iOS */,
				EE247ADC1C3F04ED00AE3E12 /* SQLiteTests iOS */,
				EE247B3B1C3F3ED000AE3E12 /* SQLite Mac */,
				EE247B441C3F3ED000AE3E12 /* SQLiteTests Mac */,
				03A65E591C6BB0F50062603F /* SQLite tvOS */,
				03A65E621C6BB0F60062603F /* SQLiteTests tvOS */,
				A121AC441CA35C79005A31D1 /* SQLite watchOS */,
				7F411A9A264973B700A92FF6 /* SQLite3Library */,
			);
		};
/* End PBXProject section */

/* Begin PBXResourcesBuildPhase section */
		03A65E581C6BB0F50062603F /* Resources */ = {
			isa = PBXResourcesBuildPhase;
			buildActionMask = 2147483647;
			files = (
			);
			runOnlyForDeploymentPostprocessing = 0;
		};
		03A65E611C6BB0F60062603F /* Resources */ = {
			isa = PBXResourcesBuildPhase;
			buildActionMask = 2147483647;
			files = (
				19A17F3E1F7ACA33BD43E138 /* fixtures in Resources */,
			);
			runOnlyForDeploymentPostprocessing = 0;
		};
		A121AC431CA35C79005A31D1 /* Resources */ = {
			isa = PBXResourcesBuildPhase;
			buildActionMask = 2147483647;
			files = (
			);
			runOnlyForDeploymentPostprocessing = 0;
		};
		EE247AD11C3F04ED00AE3E12 /* Resources */ = {
			isa = PBXResourcesBuildPhase;
			buildActionMask = 2147483647;
			files = (
			);
			runOnlyForDeploymentPostprocessing = 0;
		};
		EE247ADB1C3F04ED00AE3E12 /* Resources */ = {
			isa = PBXResourcesBuildPhase;
			buildActionMask = 2147483647;
			files = (
				19A17FDA323BAFDEC627E76F /* fixtures in Resources */,
			);
			runOnlyForDeploymentPostprocessing = 0;
		};
		EE247B3A1C3F3ED000AE3E12 /* Resources */ = {
			isa = PBXResourcesBuildPhase;
			buildActionMask = 2147483647;
			files = (
			);
			runOnlyForDeploymentPostprocessing = 0;
		};
		EE247B431C3F3ED000AE3E12 /* Resources */ = {
			isa = PBXResourcesBuildPhase;
			buildActionMask = 2147483647;
			files = (
				19A175DFF47B84757E547C62 /* fixtures in Resources */,
			);
			runOnlyForDeploymentPostprocessing = 0;
		};
/* End PBXResourcesBuildPhase section */

/* Begin PBXSourcesBuildPhase section */
		03A65E551C6BB0F50062603F /* Sources */ = {
			isa = PBXSourcesBuildPhase;
			buildActionMask = 2147483647;
			files = (
				7F411BBF2649851B00A92FF6 /* Schema.swift in Sources */,
				7F411BFF2649851B00A92FF6 /* Statement.swift in Sources */,
				7F411BAB2649851B00A92FF6 /* CoreFunctions.swift in Sources */,
				7F411BF32649851B00A92FF6 /* Value.swift in Sources */,
				7F411BDB2649851B00A92FF6 /* SQLiteObjc.m in Sources */,
				7F411BAF2649851B00A92FF6 /* DateAndTimeFunctions.swift in Sources */,
				7F411BFB2649851B00A92FF6 /* Collation.swift in Sources */,
				7F411BE32649851B00A92FF6 /* FTS5.swift in Sources */,
				7F411BB72649851B00A92FF6 /* Blob.swift in Sources */,
				7F411BEF2649851B00A92FF6 /* FTS4.swift in Sources */,
				7F411BBB2649851B00A92FF6 /* AggregateFunctions.swift in Sources */,
				7F411BEB2649851B00A92FF6 /* Errors.swift in Sources */,
				7F411BA72649851B00A92FF6 /* Cipher.swift in Sources */,
				7F411BD32649851B00A92FF6 /* RTree.swift in Sources */,
				03A65E731C6BB2D80062603F /* Foundation.swift in Sources */,
				7F411BCB2649851B00A92FF6 /* Connection.swift in Sources */,
				7F411BB32649851B00A92FF6 /* CustomFunctions.swift in Sources */,
				03A65E741C6BB2DA0062603F /* Helpers.swift in Sources */,
				7F411BDF2649851B00A92FF6 /* Query.swift in Sources */,
				7F411BC72649851B00A92FF6 /* Setter.swift in Sources */,
				7F411BC32649851B00A92FF6 /* Expression.swift in Sources */,
				7F411BCF2649851B00A92FF6 /* Coding.swift in Sources */,
				7F411BE72649851B00A92FF6 /* Operators.swift in Sources */,
			);
			runOnlyForDeploymentPostprocessing = 0;
		};
		03A65E5F1C6BB0F60062603F /* Sources */ = {
			isa = PBXSourcesBuildPhase;
			buildActionMask = 2147483647;
			files = (
				03A65E881C6BB3030062603F /* BlobTests.swift in Sources */,
				03A65E901C6BB3030062603F /* RTreeTests.swift in Sources */,
				03A65E941C6BB3030062603F /* ValueTests.swift in Sources */,
				03A65E8F1C6BB3030062603F /* QueryTests.swift in Sources */,
				03A65E8B1C6BB3030062603F /* CustomFunctionsTests.swift in Sources */,
				03A65E871C6BB3030062603F /* AggregateFunctionsTests.swift in Sources */,
				03A65E921C6BB3030062603F /* SetterTests.swift in Sources */,
				03A65E891C6BB3030062603F /* ConnectionTests.swift in Sources */,
				03A65E8A1C6BB3030062603F /* CoreFunctionsTests.swift in Sources */,
				03A65E931C6BB3030062603F /* StatementTests.swift in Sources */,
				03A65E911C6BB3030062603F /* SchemaTests.swift in Sources */,
				03A65E8D1C6BB3030062603F /* FTS4Tests.swift in Sources */,
				03A65E8C1C6BB3030062603F /* ExpressionTests.swift in Sources */,
				03A65E8E1C6BB3030062603F /* OperatorsTests.swift in Sources */,
				03A65E951C6BB3030062603F /* TestHelpers.swift in Sources */,
				19A17254FBA7894891F7297B /* FTS5Tests.swift in Sources */,
				19A17E04C4C0956715C5676A /* FoundationTests.swift in Sources */,
				19A179A0C45377CB09BB358C /* CipherTests.swift in Sources */,
				19A17F60B685636D1F83C2DD /* Fixtures.swift in Sources */,
				19A1785195182AF8731A8BDA /* RowTests.swift in Sources */,
				19A1769C1F3A7542BECF50FF /* DateAndTimeFunctionTests.swift in Sources */,
			);
			runOnlyForDeploymentPostprocessing = 0;
		};
		7F411A97264973B700A92FF6 /* Sources */ = {
			isa = PBXSourcesBuildPhase;
			buildActionMask = 2147483647;
			files = (
				7F411AAC264973C600A92FF6 /* sqlite3.c in Sources */,
			);
			runOnlyForDeploymentPostprocessing = 0;
		};
		A121AC401CA35C79005A31D1 /* Sources */ = {
			isa = PBXSourcesBuildPhase;
			buildActionMask = 2147483647;
			files = (
				7F411BC02649851B00A92FF6 /* Schema.swift in Sources */,
				7F411C002649851B00A92FF6 /* Statement.swift in Sources */,
				7F411BAC2649851B00A92FF6 /* CoreFunctions.swift in Sources */,
				7F411BF42649851B00A92FF6 /* Value.swift in Sources */,
				7F411BDC2649851B00A92FF6 /* SQLiteObjc.m in Sources */,
				7F411BB02649851B00A92FF6 /* DateAndTimeFunctions.swift in Sources */,
				7F411BFC2649851B00A92FF6 /* Collation.swift in Sources */,
				7F411BE42649851B00A92FF6 /* FTS5.swift in Sources */,
				7F411BB82649851B00A92FF6 /* Blob.swift in Sources */,
				7F411BF02649851B00A92FF6 /* FTS4.swift in Sources */,
				7F411BBC2649851B00A92FF6 /* AggregateFunctions.swift in Sources */,
				7F411BEC2649851B00A92FF6 /* Errors.swift in Sources */,
				7F411BA82649851B00A92FF6 /* Cipher.swift in Sources */,
				7F411BD42649851B00A92FF6 /* RTree.swift in Sources */,
				3D67B3F71DB246D700A4F4C6 /* Foundation.swift in Sources */,
				7F411BCC2649851B00A92FF6 /* Connection.swift in Sources */,
				7F411BB42649851B00A92FF6 /* CustomFunctions.swift in Sources */,
				3D67B3F81DB246D700A4F4C6 /* Helpers.swift in Sources */,
				7F411BE02649851B00A92FF6 /* Query.swift in Sources */,
				7F411BC82649851B00A92FF6 /* Setter.swift in Sources */,
				7F411BC42649851B00A92FF6 /* Expression.swift in Sources */,
				7F411BD02649851B00A92FF6 /* Coding.swift in Sources */,
				7F411BE82649851B00A92FF6 /* Operators.swift in Sources */,
			);
			runOnlyForDeploymentPostprocessing = 0;
		};
		EE247ACE1C3F04ED00AE3E12 /* Sources */ = {
			isa = PBXSourcesBuildPhase;
			buildActionMask = 2147483647;
			files = (
				7F411BBD2649851B00A92FF6 /* Schema.swift in Sources */,
				7F411BFD2649851B00A92FF6 /* Statement.swift in Sources */,
				7F411BA92649851B00A92FF6 /* CoreFunctions.swift in Sources */,
				7F411BF12649851B00A92FF6 /* Value.swift in Sources */,
				7F411BD92649851B00A92FF6 /* SQLiteObjc.m in Sources */,
				7F411BAD2649851B00A92FF6 /* DateAndTimeFunctions.swift in Sources */,
				7F411BF92649851B00A92FF6 /* Collation.swift in Sources */,
				7F411BE12649851B00A92FF6 /* FTS5.swift in Sources */,
				7F411BB52649851B00A92FF6 /* Blob.swift in Sources */,
				7F411BED2649851B00A92FF6 /* FTS4.swift in Sources */,
				7F411BB92649851B00A92FF6 /* AggregateFunctions.swift in Sources */,
				7F411BE92649851B00A92FF6 /* Errors.swift in Sources */,
				7F411BA52649851B00A92FF6 /* Cipher.swift in Sources */,
				7F411BD12649851B00A92FF6 /* RTree.swift in Sources */,
				EE247B0B1C3F06E900AE3E12 /* Foundation.swift in Sources */,
				7F411BC92649851B00A92FF6 /* Connection.swift in Sources */,
				7F411BB12649851B00A92FF6 /* CustomFunctions.swift in Sources */,
				EE247B0C1C3F06E900AE3E12 /* Helpers.swift in Sources */,
				7F411BDD2649851B00A92FF6 /* Query.swift in Sources */,
				7F411BC52649851B00A92FF6 /* Setter.swift in Sources */,
				7F411BC12649851B00A92FF6 /* Expression.swift in Sources */,
				7F411BCD2649851B00A92FF6 /* Coding.swift in Sources */,
				7F411BE52649851B00A92FF6 /* Operators.swift in Sources */,
			);
			runOnlyForDeploymentPostprocessing = 0;
		};
		EE247AD91C3F04ED00AE3E12 /* Sources */ = {
			isa = PBXSourcesBuildPhase;
			buildActionMask = 2147483647;
			files = (
				EE247B261C3F137700AE3E12 /* CoreFunctionsTests.swift in Sources */,
				EE247B291C3F137700AE3E12 /* FTS4Tests.swift in Sources */,
				EE247B191C3F134A00AE3E12 /* SetterTests.swift in Sources */,
				EE247B311C3F141E00AE3E12 /* SchemaTests.swift in Sources */,
				EE247B171C3F127200AE3E12 /* TestHelpers.swift in Sources */,
				EE247B281C3F137700AE3E12 /* ExpressionTests.swift in Sources */,
				EE247B271C3F137700AE3E12 /* CustomFunctionsTests.swift in Sources */,
				EE247B341C3F142E00AE3E12 /* StatementTests.swift in Sources */,
				EE247B301C3F141E00AE3E12 /* RTreeTests.swift in Sources */,
				EE247B231C3F137700AE3E12 /* BlobTests.swift in Sources */,
				EE247B351C3F142E00AE3E12 /* ValueTests.swift in Sources */,
				EE247B2F1C3F141E00AE3E12 /* QueryTests.swift in Sources */,
				EE247B221C3F137700AE3E12 /* AggregateFunctionsTests.swift in Sources */,
				EE247B2E1C3F141E00AE3E12 /* OperatorsTests.swift in Sources */,
				EE247B251C3F137700AE3E12 /* ConnectionTests.swift in Sources */,
				19A171E6FA242F72A308C594 /* FTS5Tests.swift in Sources */,
				19A17FB80B94E882050AA908 /* FoundationTests.swift in Sources */,
				19A177CC33F2E6A24AF90B02 /* CipherTests.swift in Sources */,
				19A17408007B182F884E3A53 /* Fixtures.swift in Sources */,
				19A1720B67ED13E6150C6A3D /* RowTests.swift in Sources */,
				19A17C80076860CF7751A056 /* DateAndTimeFunctionTests.swift in Sources */,
			);
			runOnlyForDeploymentPostprocessing = 0;
		};
		EE247B371C3F3ED000AE3E12 /* Sources */ = {
			isa = PBXSourcesBuildPhase;
			buildActionMask = 2147483647;
			files = (
				7F411BBE2649851B00A92FF6 /* Schema.swift in Sources */,
				7F411BFE2649851B00A92FF6 /* Statement.swift in Sources */,
				7F411BAA2649851B00A92FF6 /* CoreFunctions.swift in Sources */,
				7F411BF22649851B00A92FF6 /* Value.swift in Sources */,
				7F411BDA2649851B00A92FF6 /* SQLiteObjc.m in Sources */,
				7F411BAE2649851B00A92FF6 /* DateAndTimeFunctions.swift in Sources */,
				7F411BFA2649851B00A92FF6 /* Collation.swift in Sources */,
				7F411BE22649851B00A92FF6 /* FTS5.swift in Sources */,
				7F411BB62649851B00A92FF6 /* Blob.swift in Sources */,
				7F411BEE2649851B00A92FF6 /* FTS4.swift in Sources */,
				7F411BBA2649851B00A92FF6 /* AggregateFunctions.swift in Sources */,
				7F411BEA2649851B00A92FF6 /* Errors.swift in Sources */,
				7F411BA62649851B00A92FF6 /* Cipher.swift in Sources */,
				7F411BD22649851B00A92FF6 /* RTree.swift in Sources */,
				EE247B631C3F3FDB00AE3E12 /* Foundation.swift in Sources */,
				7F411BCA2649851B00A92FF6 /* Connection.swift in Sources */,
				7F411BB22649851B00A92FF6 /* CustomFunctions.swift in Sources */,
				EE247B641C3F3FDB00AE3E12 /* Helpers.swift in Sources */,
				7F411BDE2649851B00A92FF6 /* Query.swift in Sources */,
				7F411BC62649851B00A92FF6 /* Setter.swift in Sources */,
				7F411BC22649851B00A92FF6 /* Expression.swift in Sources */,
				7F411BCE2649851B00A92FF6 /* Coding.swift in Sources */,
				7F411BE62649851B00A92FF6 /* Operators.swift in Sources */,
			);
			runOnlyForDeploymentPostprocessing = 0;
		};
		EE247B411C3F3ED000AE3E12 /* Sources */ = {
			isa = PBXSourcesBuildPhase;
			buildActionMask = 2147483647;
			files = (
				EE247B561C3F3FC700AE3E12 /* CoreFunctionsTests.swift in Sources */,
				EE247B5A1C3F3FC700AE3E12 /* OperatorsTests.swift in Sources */,
				EE247B541C3F3FC700AE3E12 /* BlobTests.swift in Sources */,
				EE247B5D1C3F3FC700AE3E12 /* SchemaTests.swift in Sources */,
				EE247B591C3F3FC700AE3E12 /* FTS4Tests.swift in Sources */,
				EE247B531C3F3FC700AE3E12 /* AggregateFunctionsTests.swift in Sources */,
				EE247B5F1C3F3FC700AE3E12 /* StatementTests.swift in Sources */,
				EE247B5C1C3F3FC700AE3E12 /* RTreeTests.swift in Sources */,
				EE247B571C3F3FC700AE3E12 /* CustomFunctionsTests.swift in Sources */,
				EE247B601C3F3FC700AE3E12 /* ValueTests.swift in Sources */,
				EE247B551C3F3FC700AE3E12 /* ConnectionTests.swift in Sources */,
				EE247B611C3F3FC700AE3E12 /* TestHelpers.swift in Sources */,
				EE247B581C3F3FC700AE3E12 /* ExpressionTests.swift in Sources */,
				EE247B5E1C3F3FC700AE3E12 /* SetterTests.swift in Sources */,
				EE247B5B1C3F3FC700AE3E12 /* QueryTests.swift in Sources */,
				19A174D78559CD30679BCCCB /* FTS5Tests.swift in Sources */,
				19A178072B371489E6A1E839 /* FoundationTests.swift in Sources */,
				19A17C4B951CB054EE48AB1C /* CipherTests.swift in Sources */,
				19A1709C3E7A406E62293B2A /* Fixtures.swift in Sources */,
				19A171967CC511C4F6F773C9 /* RowTests.swift in Sources */,
				19A172EB202970561E5C4245 /* DateAndTimeFunctionTests.swift in Sources */,
			);
			runOnlyForDeploymentPostprocessing = 0;
		};
/* End PBXSourcesBuildPhase section */

/* Begin PBXTargetDependency section */
		03A65E661C6BB0F60062603F /* PBXTargetDependency */ = {
			isa = PBXTargetDependency;
			target = 03A65E591C6BB0F50062603F /* SQLite tvOS */;
			targetProxy = 03A65E651C6BB0F60062603F /* PBXContainerItemProxy */;
		};
		7F411AD82649750800A92FF6 /* PBXTargetDependency */ = {
			isa = PBXTargetDependency;
			target = 7F411A9A264973B700A92FF6 /* SQLite3Library */;
			targetProxy = 7F411AD72649750800A92FF6 /* PBXContainerItemProxy */;
		};
		EE247AE01C3F04ED00AE3E12 /* PBXTargetDependency */ = {
			isa = PBXTargetDependency;
			target = EE247AD21C3F04ED00AE3E12 /* SQLite iOS */;
			targetProxy = EE247ADF1C3F04ED00AE3E12 /* PBXContainerItemProxy */;
		};
		EE247B481C3F3ED000AE3E12 /* PBXTargetDependency */ = {
			isa = PBXTargetDependency;
			target = EE247B3B1C3F3ED000AE3E12 /* SQLite Mac */;
			targetProxy = EE247B471C3F3ED000AE3E12 /* PBXContainerItemProxy */;
		};
/* End PBXTargetDependency section */

/* Begin XCBuildConfiguration section */
		03A65E6B1C6BB0F60062603F /* Debug */ = {
			isa = XCBuildConfiguration;
			buildSettings = {
				APPLICATION_EXTENSION_API_ONLY = YES;
				CLANG_ENABLE_MODULES = YES;
				"CODE_SIGN_IDENTITY[sdk=appletvos*]" = "";
				DEFINES_MODULE = YES;
				DYLIB_COMPATIBILITY_VERSION = 1;
				DYLIB_CURRENT_VERSION = 1;
				DYLIB_INSTALL_NAME_BASE = "@rpath";
				INFOPLIST_FILE = "$(SRCROOT)/Sources/SQLite/Info.plist";
				INSTALL_PATH = "$(LOCAL_LIBRARY_DIR)/Frameworks";
				LD_RUNPATH_SEARCH_PATHS = "$(inherited) @executable_path/Frameworks @loader_path/Frameworks";
				PRODUCT_BUNDLE_IDENTIFIER = com.stephencelis.SQLite;
				PRODUCT_NAME = SQLite;
				SDKROOT = appletvos;
				SKIP_INSTALL = YES;
				SWIFT_OPTIMIZATION_LEVEL = "-Onone";
				SWIFT_VERSION = 5.0;
				TVOS_DEPLOYMENT_TARGET = 12.0;
			};
			name = Debug;
		};
		03A65E6C1C6BB0F60062603F /* Release */ = {
			isa = XCBuildConfiguration;
			buildSettings = {
				APPLICATION_EXTENSION_API_ONLY = YES;
				CLANG_ENABLE_MODULES = YES;
				"CODE_SIGN_IDENTITY[sdk=appletvos*]" = "";
				DEFINES_MODULE = YES;
				DYLIB_COMPATIBILITY_VERSION = 1;
				DYLIB_CURRENT_VERSION = 1;
				DYLIB_INSTALL_NAME_BASE = "@rpath";
				INFOPLIST_FILE = "$(SRCROOT)/Sources/SQLite/Info.plist";
				INSTALL_PATH = "$(LOCAL_LIBRARY_DIR)/Frameworks";
				LD_RUNPATH_SEARCH_PATHS = "$(inherited) @executable_path/Frameworks @loader_path/Frameworks";
				PRODUCT_BUNDLE_IDENTIFIER = com.stephencelis.SQLite;
				PRODUCT_NAME = SQLite;
				SDKROOT = appletvos;
				SKIP_INSTALL = YES;
				SWIFT_VERSION = 5.0;
				TVOS_DEPLOYMENT_TARGET = 12.0;
			};
			name = Release;
		};
		03A65E6D1C6BB0F60062603F /* Debug */ = {
			isa = XCBuildConfiguration;
			buildSettings = {
				INFOPLIST_FILE = Tests/SQLiteTests/Info.plist;
				LD_RUNPATH_SEARCH_PATHS = "$(inherited) @executable_path/Frameworks @loader_path/Frameworks";
				PRODUCT_BUNDLE_IDENTIFIER = com.stephencelis.SQLiteTests;
				PRODUCT_NAME = "$(TARGET_NAME)";
				SDKROOT = appletvos;
				TVOS_DEPLOYMENT_TARGET = 12.0;
			};
			name = Debug;
		};
		03A65E6E1C6BB0F60062603F /* Release */ = {
			isa = XCBuildConfiguration;
			buildSettings = {
				INFOPLIST_FILE = Tests/SQLiteTests/Info.plist;
				LD_RUNPATH_SEARCH_PATHS = "$(inherited) @executable_path/Frameworks @loader_path/Frameworks";
				PRODUCT_BUNDLE_IDENTIFIER = com.stephencelis.SQLiteTests;
				PRODUCT_NAME = "$(TARGET_NAME)";
				SDKROOT = appletvos;
				TVOS_DEPLOYMENT_TARGET = 12.0;
			};
			name = Release;
		};
		7F411AA2264973B700A92FF6 /* Debug */ = {
			isa = XCBuildConfiguration;
			buildSettings = {
				CLANG_ANALYZER_NONNULL = YES;
				CLANG_ANALYZER_NUMBER_OBJECT_CONVERSION = YES_AGGRESSIVE;
				CLANG_CXX_LANGUAGE_STANDARD = "gnu++14";
				CLANG_ENABLE_OBJC_WEAK = YES;
				CLANG_WARN_DOCUMENTATION_COMMENTS = YES;
				CLANG_WARN_QUOTED_INCLUDE_IN_FRAMEWORK_HEADER = YES;
				CLANG_WARN_UNGUARDED_AVAILABILITY = YES_AGGRESSIVE;
				CODE_SIGN_STYLE = Automatic;
				DEFINES_MODULE = YES;
				DEVELOPMENT_TEAM = 442RNUGV2T;
				GCC_C_LANGUAGE_STANDARD = gnu11;
				GCC_PREPROCESSOR_DEFINITIONS = (
					"SQLITE_ENABLE_FTS4=1",
					"SQLITE_ENABLE_FTS5=1",
				);
				IPHONEOS_DEPLOYMENT_TARGET = 14.4;
				MODULEMAP_FILE = "$(SRCROOT)/SQLite3Library/module.modulemap";
				MTL_ENABLE_DEBUG_INFO = INCLUDE_SOURCE;
				MTL_FAST_MATH = YES;
				OTHER_LDFLAGS = "-ObjC";
				PRODUCT_NAME = "$(TARGET_NAME)";
				SKIP_INSTALL = YES;
				TARGETED_DEVICE_FAMILY = "1,2";
			};
			name = Debug;
		};
		7F411AA3264973B700A92FF6 /* Release */ = {
			isa = XCBuildConfiguration;
			buildSettings = {
				CLANG_ANALYZER_NONNULL = YES;
				CLANG_ANALYZER_NUMBER_OBJECT_CONVERSION = YES_AGGRESSIVE;
				CLANG_CXX_LANGUAGE_STANDARD = "gnu++14";
				CLANG_ENABLE_OBJC_WEAK = YES;
				CLANG_WARN_DOCUMENTATION_COMMENTS = YES;
				CLANG_WARN_QUOTED_INCLUDE_IN_FRAMEWORK_HEADER = YES;
				CLANG_WARN_UNGUARDED_AVAILABILITY = YES_AGGRESSIVE;
				CODE_SIGN_STYLE = Automatic;
				DEFINES_MODULE = YES;
				DEVELOPMENT_TEAM = 442RNUGV2T;
				GCC_C_LANGUAGE_STANDARD = gnu11;
				GCC_PREPROCESSOR_DEFINITIONS = (
					"SQLITE_ENABLE_FTS4=1",
					"SQLITE_ENABLE_FTS5=1",
				);
				IPHONEOS_DEPLOYMENT_TARGET = 14.4;
				MODULEMAP_FILE = "$(SRCROOT)/SQLite3Library/module.modulemap";
				MTL_FAST_MATH = YES;
				OTHER_LDFLAGS = "-ObjC";
				PRODUCT_NAME = "$(TARGET_NAME)";
				SKIP_INSTALL = YES;
				TARGETED_DEVICE_FAMILY = "1,2";
			};
			name = Release;
		};
		A121AC4A1CA35C79005A31D1 /* Debug */ = {
			isa = XCBuildConfiguration;
			buildSettings = {
				APPLICATION_EXTENSION_API_ONLY = YES;
				CLANG_ANALYZER_NONNULL = YES;
				CLANG_ENABLE_MODULES = YES;
				"CODE_SIGN_IDENTITY[sdk=watchos*]" = "";
				DEFINES_MODULE = YES;
				DYLIB_COMPATIBILITY_VERSION = 1;
				DYLIB_CURRENT_VERSION = 1;
				DYLIB_INSTALL_NAME_BASE = "@rpath";
				INFOPLIST_FILE = "$(SRCROOT)/Sources/SQLite/Info.plist";
				INSTALL_PATH = "$(LOCAL_LIBRARY_DIR)/Frameworks";
				LD_RUNPATH_SEARCH_PATHS = "$(inherited) @executable_path/Frameworks @loader_path/Frameworks";
				PRODUCT_BUNDLE_IDENTIFIER = com.stephencelis.SQLite;
				PRODUCT_NAME = SQLite;
				SDKROOT = watchos;
				SKIP_INSTALL = YES;
				SWIFT_OPTIMIZATION_LEVEL = "-Onone";
				SWIFT_VERSION = 5.0;
				TARGETED_DEVICE_FAMILY = 4;
				WATCHOS_DEPLOYMENT_TARGET = 2.2;
			};
			name = Debug;
		};
		A121AC4B1CA35C79005A31D1 /* Release */ = {
			isa = XCBuildConfiguration;
			buildSettings = {
				APPLICATION_EXTENSION_API_ONLY = YES;
				CLANG_ANALYZER_NONNULL = YES;
				CLANG_ENABLE_MODULES = YES;
				"CODE_SIGN_IDENTITY[sdk=watchos*]" = "";
				DEFINES_MODULE = YES;
				DYLIB_COMPATIBILITY_VERSION = 1;
				DYLIB_CURRENT_VERSION = 1;
				DYLIB_INSTALL_NAME_BASE = "@rpath";
				INFOPLIST_FILE = "$(SRCROOT)/Sources/SQLite/Info.plist";
				INSTALL_PATH = "$(LOCAL_LIBRARY_DIR)/Frameworks";
				LD_RUNPATH_SEARCH_PATHS = "$(inherited) @executable_path/Frameworks @loader_path/Frameworks";
				PRODUCT_BUNDLE_IDENTIFIER = com.stephencelis.SQLite;
				PRODUCT_NAME = SQLite;
				SDKROOT = watchos;
				SKIP_INSTALL = YES;
				SWIFT_VERSION = 5.0;
				TARGETED_DEVICE_FAMILY = 4;
				WATCHOS_DEPLOYMENT_TARGET = 2.2;
			};
			name = Release;
		};
		EE247AE51C3F04ED00AE3E12 /* Debug */ = {
			isa = XCBuildConfiguration;
			buildSettings = {
				ALWAYS_SEARCH_USER_PATHS = NO;
				CLANG_ALLOW_NON_MODULAR_INCLUDES_IN_FRAMEWORK_MODULES = YES;
				CLANG_ANALYZER_LOCALIZABILITY_NONLOCALIZED = YES;
				CLANG_CXX_LANGUAGE_STANDARD = "gnu++0x";
				CLANG_CXX_LIBRARY = "libc++";
				CLANG_ENABLE_MODULES = YES;
				CLANG_ENABLE_OBJC_ARC = YES;
				CLANG_WARN_BLOCK_CAPTURE_AUTORELEASING = YES;
				CLANG_WARN_BOOL_CONVERSION = YES;
				CLANG_WARN_COMMA = YES;
				CLANG_WARN_CONSTANT_CONVERSION = YES;
				CLANG_WARN_DEPRECATED_OBJC_IMPLEMENTATIONS = YES;
				CLANG_WARN_DIRECT_OBJC_ISA_USAGE = YES_ERROR;
				CLANG_WARN_EMPTY_BODY = YES;
				CLANG_WARN_ENUM_CONVERSION = YES;
				CLANG_WARN_INFINITE_RECURSION = YES;
				CLANG_WARN_INT_CONVERSION = YES;
				CLANG_WARN_NON_LITERAL_NULL_CONVERSION = YES;
				CLANG_WARN_OBJC_IMPLICIT_RETAIN_SELF = YES;
				CLANG_WARN_OBJC_LITERAL_CONVERSION = YES;
				CLANG_WARN_OBJC_ROOT_CLASS = YES_ERROR;
				CLANG_WARN_QUOTED_INCLUDE_IN_FRAMEWORK_HEADER = YES;
				CLANG_WARN_RANGE_LOOP_ANALYSIS = YES;
				CLANG_WARN_STRICT_PROTOTYPES = YES;
				CLANG_WARN_SUSPICIOUS_MOVE = YES;
				CLANG_WARN_UNREACHABLE_CODE = YES;
				CLANG_WARN__DUPLICATE_METHOD_MATCH = YES;
				"CODE_SIGN_IDENTITY[sdk=iphoneos*]" = "iPhone Developer";
				COPY_PHASE_STRIP = NO;
				CURRENT_PROJECT_VERSION = 1;
				DEBUG_INFORMATION_FORMAT = dwarf;
				ENABLE_STRICT_OBJC_MSGSEND = YES;
				ENABLE_TESTABILITY = YES;
				GCC_C_LANGUAGE_STANDARD = gnu99;
				GCC_DYNAMIC_NO_PIC = NO;
				GCC_NO_COMMON_BLOCKS = YES;
				GCC_OPTIMIZATION_LEVEL = 0;
				GCC_PREPROCESSOR_DEFINITIONS = (
					"DEBUG=1",
					"$(inherited)",
				);
				GCC_WARN_64_TO_32_BIT_CONVERSION = YES;
				GCC_WARN_ABOUT_RETURN_TYPE = YES_ERROR;
				GCC_WARN_UNDECLARED_SELECTOR = YES;
				GCC_WARN_UNINITIALIZED_AUTOS = YES_AGGRESSIVE;
				GCC_WARN_UNUSED_FUNCTION = YES;
				GCC_WARN_UNUSED_VARIABLE = YES;
				HEADER_SEARCH_PATHS = "$(SRCROOT)/**";
				IPHONEOS_DEPLOYMENT_TARGET = 12.0;
				MACOSX_DEPLOYMENT_TARGET = 10.9;
				MTL_ENABLE_DEBUG_INFO = YES;
				ONLY_ACTIVE_ARCH = YES;
				PRODUCT_NAME = "";
				SDKROOT = iphoneos;
				SWIFT_OPTIMIZATION_LEVEL = "-Onone";
				SWIFT_VERSION = 5.0;
				TARGETED_DEVICE_FAMILY = "1,2,3";
				VERSIONING_SYSTEM = "apple-generic";
				VERSION_INFO_PREFIX = "";
			};
			name = Debug;
		};
		EE247AE61C3F04ED00AE3E12 /* Release */ = {
			isa = XCBuildConfiguration;
			buildSettings = {
				ALWAYS_SEARCH_USER_PATHS = NO;
				CLANG_ALLOW_NON_MODULAR_INCLUDES_IN_FRAMEWORK_MODULES = YES;
				CLANG_ANALYZER_LOCALIZABILITY_NONLOCALIZED = YES;
				CLANG_CXX_LANGUAGE_STANDARD = "gnu++0x";
				CLANG_CXX_LIBRARY = "libc++";
				CLANG_ENABLE_MODULES = YES;
				CLANG_ENABLE_OBJC_ARC = YES;
				CLANG_WARN_BLOCK_CAPTURE_AUTORELEASING = YES;
				CLANG_WARN_BOOL_CONVERSION = YES;
				CLANG_WARN_COMMA = YES;
				CLANG_WARN_CONSTANT_CONVERSION = YES;
				CLANG_WARN_DEPRECATED_OBJC_IMPLEMENTATIONS = YES;
				CLANG_WARN_DIRECT_OBJC_ISA_USAGE = YES_ERROR;
				CLANG_WARN_EMPTY_BODY = YES;
				CLANG_WARN_ENUM_CONVERSION = YES;
				CLANG_WARN_INFINITE_RECURSION = YES;
				CLANG_WARN_INT_CONVERSION = YES;
				CLANG_WARN_NON_LITERAL_NULL_CONVERSION = YES;
				CLANG_WARN_OBJC_IMPLICIT_RETAIN_SELF = YES;
				CLANG_WARN_OBJC_LITERAL_CONVERSION = YES;
				CLANG_WARN_OBJC_ROOT_CLASS = YES_ERROR;
				CLANG_WARN_QUOTED_INCLUDE_IN_FRAMEWORK_HEADER = YES;
				CLANG_WARN_RANGE_LOOP_ANALYSIS = YES;
				CLANG_WARN_STRICT_PROTOTYPES = YES;
				CLANG_WARN_SUSPICIOUS_MOVE = YES;
				CLANG_WARN_UNREACHABLE_CODE = YES;
				CLANG_WARN__DUPLICATE_METHOD_MATCH = YES;
				"CODE_SIGN_IDENTITY[sdk=iphoneos*]" = "iPhone Developer";
				COPY_PHASE_STRIP = NO;
				CURRENT_PROJECT_VERSION = 1;
				DEBUG_INFORMATION_FORMAT = "dwarf-with-dsym";
				ENABLE_NS_ASSERTIONS = NO;
				ENABLE_STRICT_OBJC_MSGSEND = YES;
				GCC_C_LANGUAGE_STANDARD = gnu99;
				GCC_NO_COMMON_BLOCKS = YES;
				GCC_WARN_64_TO_32_BIT_CONVERSION = YES;
				GCC_WARN_ABOUT_RETURN_TYPE = YES_ERROR;
				GCC_WARN_UNDECLARED_SELECTOR = YES;
				GCC_WARN_UNINITIALIZED_AUTOS = YES_AGGRESSIVE;
				GCC_WARN_UNUSED_FUNCTION = YES;
				GCC_WARN_UNUSED_VARIABLE = YES;
				HEADER_SEARCH_PATHS = "$(SRCROOT)/**";
				IPHONEOS_DEPLOYMENT_TARGET = 12.0;
				MACOSX_DEPLOYMENT_TARGET = 10.9;
				MTL_ENABLE_DEBUG_INFO = NO;
				PRODUCT_NAME = "";
				SDKROOT = iphoneos;
				SWIFT_OPTIMIZATION_LEVEL = "-Owholemodule";
				SWIFT_VERSION = 5.0;
				TARGETED_DEVICE_FAMILY = "1,2,3";
				VALIDATE_PRODUCT = YES;
				VERSIONING_SYSTEM = "apple-generic";
				VERSION_INFO_PREFIX = "";
			};
			name = Release;
		};
		EE247AE81C3F04ED00AE3E12 /* Debug */ = {
			isa = XCBuildConfiguration;
			buildSettings = {
				APPLICATION_EXTENSION_API_ONLY = YES;
				CLANG_ENABLE_MODULES = YES;
				"CODE_SIGN_IDENTITY[sdk=iphoneos*]" = "";
				DEFINES_MODULE = YES;
				DYLIB_COMPATIBILITY_VERSION = 1;
				DYLIB_CURRENT_VERSION = 1;
				DYLIB_INSTALL_NAME_BASE = "@rpath";
				INFOPLIST_FILE = "$(SRCROOT)/SQLite/Info.plist";
				INSTALL_PATH = "$(LOCAL_LIBRARY_DIR)/Frameworks";
				IPHONEOS_DEPLOYMENT_TARGET = 14.4;
				LD_RUNPATH_SEARCH_PATHS = "$(inherited) @executable_path/Frameworks @loader_path/Frameworks";
				PRODUCT_BUNDLE_IDENTIFIER = com.stephencelis.SQLite;
				PRODUCT_NAME = SQLite;
				SKIP_INSTALL = YES;
				SWIFT_OPTIMIZATION_LEVEL = "-Onone";
				SWIFT_VERSION = 5.0;
			};
			name = Debug;
		};
		EE247AE91C3F04ED00AE3E12 /* Release */ = {
			isa = XCBuildConfiguration;
			buildSettings = {
				APPLICATION_EXTENSION_API_ONLY = YES;
				CLANG_ENABLE_MODULES = YES;
				"CODE_SIGN_IDENTITY[sdk=iphoneos*]" = "";
				DEFINES_MODULE = YES;
				DYLIB_COMPATIBILITY_VERSION = 1;
				DYLIB_CURRENT_VERSION = 1;
				DYLIB_INSTALL_NAME_BASE = "@rpath";
				INFOPLIST_FILE = "$(SRCROOT)/SQLite/Info.plist";
				INSTALL_PATH = "$(LOCAL_LIBRARY_DIR)/Frameworks";
				IPHONEOS_DEPLOYMENT_TARGET = 14.4;
				LD_RUNPATH_SEARCH_PATHS = "$(inherited) @executable_path/Frameworks @loader_path/Frameworks";
				PRODUCT_BUNDLE_IDENTIFIER = com.stephencelis.SQLite;
				PRODUCT_NAME = SQLite;
				SKIP_INSTALL = YES;
				SWIFT_VERSION = 5.0;
			};
			name = Release;
		};
		EE247AEB1C3F04ED00AE3E12 /* Debug */ = {
			isa = XCBuildConfiguration;
			buildSettings = {
				INFOPLIST_FILE = Tests/SQLiteTests/Info.plist;
				IPHONEOS_DEPLOYMENT_TARGET = 12.0;
				LD_RUNPATH_SEARCH_PATHS = "$(inherited) @executable_path/Frameworks @loader_path/Frameworks";
				PRODUCT_BUNDLE_IDENTIFIER = com.stephencelis.SQLiteTests;
				PRODUCT_NAME = "$(TARGET_NAME)";
			};
			name = Debug;
		};
		EE247AEC1C3F04ED00AE3E12 /* Release */ = {
			isa = XCBuildConfiguration;
			buildSettings = {
				INFOPLIST_FILE = Tests/SQLiteTests/Info.plist;
				IPHONEOS_DEPLOYMENT_TARGET = 12.0;
				LD_RUNPATH_SEARCH_PATHS = "$(inherited) @executable_path/Frameworks @loader_path/Frameworks";
				PRODUCT_BUNDLE_IDENTIFIER = com.stephencelis.SQLiteTests;
				PRODUCT_NAME = "$(TARGET_NAME)";
			};
			name = Release;
		};
		EE247B4D1C3F3ED000AE3E12 /* Debug */ = {
			isa = XCBuildConfiguration;
			buildSettings = {
				APPLICATION_EXTENSION_API_ONLY = YES;
				CLANG_ENABLE_MODULES = YES;
				CODE_SIGN_IDENTITY = "";
				COMBINE_HIDPI_IMAGES = YES;
				DEFINES_MODULE = YES;
				DYLIB_COMPATIBILITY_VERSION = 1;
				DYLIB_CURRENT_VERSION = 1;
				DYLIB_INSTALL_NAME_BASE = "@rpath";
				FRAMEWORK_VERSION = A;
				INFOPLIST_FILE = "$(SRCROOT)/Sources/SQLite/Info.plist";
				INSTALL_PATH = "$(LOCAL_LIBRARY_DIR)/Frameworks";
				LD_RUNPATH_SEARCH_PATHS = "$(inherited) @executable_path/../Frameworks @loader_path/Frameworks";
				MACOSX_DEPLOYMENT_TARGET = 10.10;
				PRODUCT_BUNDLE_IDENTIFIER = com.stephencelis.SQLite;
				PRODUCT_NAME = SQLite;
				SDKROOT = macosx;
				SKIP_INSTALL = YES;
				SWIFT_INCLUDE_PATHS = "";
				SWIFT_OPTIMIZATION_LEVEL = "-Onone";
				SWIFT_VERSION = 5.0;
			};
			name = Debug;
		};
		EE247B4E1C3F3ED000AE3E12 /* Release */ = {
			isa = XCBuildConfiguration;
			buildSettings = {
				APPLICATION_EXTENSION_API_ONLY = YES;
				CLANG_ENABLE_MODULES = YES;
				CODE_SIGN_IDENTITY = "";
				COMBINE_HIDPI_IMAGES = YES;
				DEFINES_MODULE = YES;
				DYLIB_COMPATIBILITY_VERSION = 1;
				DYLIB_CURRENT_VERSION = 1;
				DYLIB_INSTALL_NAME_BASE = "@rpath";
				FRAMEWORK_VERSION = A;
				INFOPLIST_FILE = "$(SRCROOT)/Sources/SQLite/Info.plist";
				INSTALL_PATH = "$(LOCAL_LIBRARY_DIR)/Frameworks";
				LD_RUNPATH_SEARCH_PATHS = "$(inherited) @executable_path/../Frameworks @loader_path/Frameworks";
				MACOSX_DEPLOYMENT_TARGET = 10.10;
				PRODUCT_BUNDLE_IDENTIFIER = com.stephencelis.SQLite;
				PRODUCT_NAME = SQLite;
				SDKROOT = macosx;
				SKIP_INSTALL = YES;
				SWIFT_INCLUDE_PATHS = "";
				SWIFT_VERSION = 5.0;
			};
			name = Release;
		};
		EE247B4F1C3F3ED000AE3E12 /* Debug */ = {
			isa = XCBuildConfiguration;
			buildSettings = {
				CODE_SIGN_IDENTITY = "-";
				COMBINE_HIDPI_IMAGES = YES;
				INFOPLIST_FILE = Tests/SQLiteTests/Info.plist;
				LD_RUNPATH_SEARCH_PATHS = "$(inherited) @executable_path/../Frameworks @loader_path/../Frameworks";
				MACOSX_DEPLOYMENT_TARGET = 10.10;
				PRODUCT_BUNDLE_IDENTIFIER = com.stephencelis.SQLiteTests;
				PRODUCT_NAME = "$(TARGET_NAME)";
				SDKROOT = macosx;
			};
			name = Debug;
		};
		EE247B501C3F3ED000AE3E12 /* Release */ = {
			isa = XCBuildConfiguration;
			buildSettings = {
				CODE_SIGN_IDENTITY = "-";
				COMBINE_HIDPI_IMAGES = YES;
				INFOPLIST_FILE = Tests/SQLiteTests/Info.plist;
				LD_RUNPATH_SEARCH_PATHS = "$(inherited) @executable_path/../Frameworks @loader_path/../Frameworks";
				MACOSX_DEPLOYMENT_TARGET = 10.10;
				PRODUCT_BUNDLE_IDENTIFIER = com.stephencelis.SQLiteTests;
				PRODUCT_NAME = "$(TARGET_NAME)";
				SDKROOT = macosx;
			};
			name = Release;
		};
/* End XCBuildConfiguration section */

/* Begin XCConfigurationList section */
		03A65E6F1C6BB0F60062603F /* Build configuration list for PBXNativeTarget "SQLite tvOS" */ = {
			isa = XCConfigurationList;
			buildConfigurations = (
				03A65E6B1C6BB0F60062603F /* Debug */,
				03A65E6C1C6BB0F60062603F /* Release */,
			);
			defaultConfigurationIsVisible = 0;
			defaultConfigurationName = Release;
		};
		03A65E701C6BB0F60062603F /* Build configuration list for PBXNativeTarget "SQLiteTests tvOS" */ = {
			isa = XCConfigurationList;
			buildConfigurations = (
				03A65E6D1C6BB0F60062603F /* Debug */,
				03A65E6E1C6BB0F60062603F /* Release */,
			);
			defaultConfigurationIsVisible = 0;
			defaultConfigurationName = Release;
		};
		7F411AA1264973B700A92FF6 /* Build configuration list for PBXNativeTarget "SQLite3Library" */ = {
			isa = XCConfigurationList;
			buildConfigurations = (
				7F411AA2264973B700A92FF6 /* Debug */,
				7F411AA3264973B700A92FF6 /* Release */,
			);
			defaultConfigurationIsVisible = 0;
			defaultConfigurationName = Release;
		};
		A121AC4C1CA35C79005A31D1 /* Build configuration list for PBXNativeTarget "SQLite watchOS" */ = {
			isa = XCConfigurationList;
			buildConfigurations = (
				A121AC4A1CA35C79005A31D1 /* Debug */,
				A121AC4B1CA35C79005A31D1 /* Release */,
			);
			defaultConfigurationIsVisible = 0;
			defaultConfigurationName = Release;
		};
		EE247ACD1C3F04ED00AE3E12 /* Build configuration list for PBXProject "SQLite" */ = {
			isa = XCConfigurationList;
			buildConfigurations = (
				EE247AE51C3F04ED00AE3E12 /* Debug */,
				EE247AE61C3F04ED00AE3E12 /* Release */,
			);
			defaultConfigurationIsVisible = 0;
			defaultConfigurationName = Release;
		};
		EE247AE71C3F04ED00AE3E12 /* Build configuration list for PBXNativeTarget "SQLite iOS" */ = {
			isa = XCConfigurationList;
			buildConfigurations = (
				EE247AE81C3F04ED00AE3E12 /* Debug */,
				EE247AE91C3F04ED00AE3E12 /* Release */,
			);
			defaultConfigurationIsVisible = 0;
			defaultConfigurationName = Release;
		};
		EE247AEA1C3F04ED00AE3E12 /* Build configuration list for PBXNativeTarget "SQLiteTests iOS" */ = {
			isa = XCConfigurationList;
			buildConfigurations = (
				EE247AEB1C3F04ED00AE3E12 /* Debug */,
				EE247AEC1C3F04ED00AE3E12 /* Release */,
			);
			defaultConfigurationIsVisible = 0;
			defaultConfigurationName = Release;
		};
		EE247B511C3F3ED000AE3E12 /* Build configuration list for PBXNativeTarget "SQLite Mac" */ = {
			isa = XCConfigurationList;
			buildConfigurations = (
				EE247B4D1C3F3ED000AE3E12 /* Debug */,
				EE247B4E1C3F3ED000AE3E12 /* Release */,
			);
			defaultConfigurationIsVisible = 0;
			defaultConfigurationName = Release;
		};
		EE247B521C3F3ED000AE3E12 /* Build configuration list for PBXNativeTarget "SQLiteTests Mac" */ = {
			isa = XCConfigurationList;
			buildConfigurations = (
				EE247B4F1C3F3ED000AE3E12 /* Debug */,
				EE247B501C3F3ED000AE3E12 /* Release */,
			);
			defaultConfigurationIsVisible = 0;
			defaultConfigurationName = Release;
		};
/* End XCConfigurationList section */
	};
	rootObject = EE247ACA1C3F04ED00AE3E12 /* Project object */;
}
